// !$*UTF8*$!
{
	archiveVersion = 1;
	classes = {
	};
	objectVersion = 46;
	objects = {

/* Begin PBXBuildFile section */
		4EC672A0EDE64F10B25CA6DB /* libPods.a in Frameworks */ = {isa = PBXBuildFile; fileRef = 98E5B1D818E844F284BA93DA /* libPods.a */; };
		5186553218CC3E4E00E8F486 /* Foundation.framework in Frameworks */ = {isa = PBXBuildFile; fileRef = 5186553118CC3E4E00E8F486 /* Foundation.framework */; };
		5186553418CC3E4E00E8F486 /* CoreGraphics.framework in Frameworks */ = {isa = PBXBuildFile; fileRef = 5186553318CC3E4E00E8F486 /* CoreGraphics.framework */; };
		5186553618CC3E4E00E8F486 /* UIKit.framework in Frameworks */ = {isa = PBXBuildFile; fileRef = 5186553518CC3E4E00E8F486 /* UIKit.framework */; };
		5186553C18CC3E4E00E8F486 /* InfoPlist.strings in Resources */ = {isa = PBXBuildFile; fileRef = 5186553A18CC3E4E00E8F486 /* InfoPlist.strings */; };
		5186553E18CC3E4E00E8F486 /* main.m in Sources */ = {isa = PBXBuildFile; fileRef = 5186553D18CC3E4E00E8F486 /* main.m */; };
		5186554218CC3E4E00E8F486 /* UXRAppDelegate.m in Sources */ = {isa = PBXBuildFile; fileRef = 5186554118CC3E4E00E8F486 /* UXRAppDelegate.m */; };
		5186554418CC3E4E00E8F486 /* Images.xcassets in Resources */ = {isa = PBXBuildFile; fileRef = 5186554318CC3E4E00E8F486 /* Images.xcassets */; };
		5186554B18CC3E4E00E8F486 /* XCTest.framework in Frameworks */ = {isa = PBXBuildFile; fileRef = 5186554A18CC3E4E00E8F486 /* XCTest.framework */; };
		5186554C18CC3E4E00E8F486 /* Foundation.framework in Frameworks */ = {isa = PBXBuildFile; fileRef = 5186553118CC3E4E00E8F486 /* Foundation.framework */; };
		5186554D18CC3E4E00E8F486 /* UIKit.framework in Frameworks */ = {isa = PBXBuildFile; fileRef = 5186553518CC3E4E00E8F486 /* UIKit.framework */; };
		5186555518CC3E4E00E8F486 /* InfoPlist.strings in Resources */ = {isa = PBXBuildFile; fileRef = 5186555318CC3E4E00E8F486 /* InfoPlist.strings */; };
		5186555718CC3E4E00E8F486 /* FourSquareSDKTests.m in Sources */ = {isa = PBXBuildFile; fileRef = 5186555618CC3E4E00E8F486 /* FourSquareSDKTests.m */; };
		5186558A18CC3E8C00E8F486 /* UXRBaseNetworkingEngine.m in Sources */ = {isa = PBXBuildFile; fileRef = 5186556118CC3E8C00E8F486 /* UXRBaseNetworkingEngine.m */; };
		5186558B18CC3E8C00E8F486 /* UXRBaseNetworkingEngine.m in Sources */ = {isa = PBXBuildFile; fileRef = 5186556118CC3E8C00E8F486 /* UXRBaseNetworkingEngine.m */; };
		5186558C18CC3E8C00E8F486 /* UXRFourSquareNetworkingEngine.m in Sources */ = {isa = PBXBuildFile; fileRef = 5186556318CC3E8C00E8F486 /* UXRFourSquareNetworkingEngine.m */; };
		5186558D18CC3E8C00E8F486 /* UXRFourSquareNetworkingEngine.m in Sources */ = {isa = PBXBuildFile; fileRef = 5186556318CC3E8C00E8F486 /* UXRFourSquareNetworkingEngine.m */; };
		5186558E18CC3E8C00E8F486 /* UXRFourSquareRestaurantModel.m in Sources */ = {isa = PBXBuildFile; fileRef = 5186556518CC3E8C00E8F486 /* UXRFourSquareRestaurantModel.m */; };
		5186558F18CC3E8C00E8F486 /* UXRFourSquareRestaurantModel.m in Sources */ = {isa = PBXBuildFile; fileRef = 5186556518CC3E8C00E8F486 /* UXRFourSquareRestaurantModel.m */; };
		5186559018CC3E8C00E8F486 /* UXRFourSquareLocationModel.m in Sources */ = {isa = PBXBuildFile; fileRef = 5186556718CC3E8C00E8F486 /* UXRFourSquareLocationModel.m */; };
		5186559118CC3E8C00E8F486 /* UXRFourSquareLocationModel.m in Sources */ = {isa = PBXBuildFile; fileRef = 5186556718CC3E8C00E8F486 /* UXRFourSquareLocationModel.m */; };
		5186559218CC3E8C00E8F486 /* UXRFourSquareCategoryModel.m in Sources */ = {isa = PBXBuildFile; fileRef = 5186556918CC3E8C00E8F486 /* UXRFourSquareCategoryModel.m */; };
		5186559318CC3E8C00E8F486 /* UXRFourSquareCategoryModel.m in Sources */ = {isa = PBXBuildFile; fileRef = 5186556918CC3E8C00E8F486 /* UXRFourSquareCategoryModel.m */; };
		5186559418CC3E8C00E8F486 /* UXRFourSquarePhotoModel.m in Sources */ = {isa = PBXBuildFile; fileRef = 5186556B18CC3E8C00E8F486 /* UXRFourSquarePhotoModel.m */; };
		5186559518CC3E8C00E8F486 /* UXRFourSquarePhotoModel.m in Sources */ = {isa = PBXBuildFile; fileRef = 5186556B18CC3E8C00E8F486 /* UXRFourSquarePhotoModel.m */; };
		5186559618CC3E8C00E8F486 /* UXRFourSquareUserModel.m in Sources */ = {isa = PBXBuildFile; fileRef = 5186556D18CC3E8C00E8F486 /* UXRFourSquareUserModel.m */; };
		5186559718CC3E8C00E8F486 /* UXRFourSquareUserModel.m in Sources */ = {isa = PBXBuildFile; fileRef = 5186556D18CC3E8C00E8F486 /* UXRFourSquareUserModel.m */; };
		5186559818CC3E8C00E8F486 /* UXRFourSquareHoursModel.m in Sources */ = {isa = PBXBuildFile; fileRef = 5186556F18CC3E8C00E8F486 /* UXRFourSquareHoursModel.m */; };
		5186559918CC3E8C00E8F486 /* UXRFourSquareHoursModel.m in Sources */ = {isa = PBXBuildFile; fileRef = 5186556F18CC3E8C00E8F486 /* UXRFourSquareHoursModel.m */; };
		5186559A18CC3E8C00E8F486 /* UXRFourSquareTipModel.m in Sources */ = {isa = PBXBuildFile; fileRef = 5186557118CC3E8C00E8F486 /* UXRFourSquareTipModel.m */; };
		5186559B18CC3E8C00E8F486 /* UXRFourSquareTipModel.m in Sources */ = {isa = PBXBuildFile; fileRef = 5186557118CC3E8C00E8F486 /* UXRFourSquareTipModel.m */; };
		5186559C18CC3E8C00E8F486 /* UXRFourSquareStatsModel.m in Sources */ = {isa = PBXBuildFile; fileRef = 5186557318CC3E8C00E8F486 /* UXRFourSquareStatsModel.m */; };
		5186559D18CC3E8C00E8F486 /* UXRFourSquareStatsModel.m in Sources */ = {isa = PBXBuildFile; fileRef = 5186557318CC3E8C00E8F486 /* UXRFourSquareStatsModel.m */; };
		5186559E18CC3E8C00E8F486 /* UXRFourSquarePriceModel.m in Sources */ = {isa = PBXBuildFile; fileRef = 5186557518CC3E8C00E8F486 /* UXRFourSquarePriceModel.m */; };
		5186559F18CC3E8C00E8F486 /* UXRFourSquarePriceModel.m in Sources */ = {isa = PBXBuildFile; fileRef = 5186557518CC3E8C00E8F486 /* UXRFourSquarePriceModel.m */; };
		518655A018CC3E8C00E8F486 /* UXRFourSquareMenuModel.m in Sources */ = {isa = PBXBuildFile; fileRef = 5186557718CC3E8C00E8F486 /* UXRFourSquareMenuModel.m */; };
		518655A118CC3E8C00E8F486 /* UXRFourSquareMenuModel.m in Sources */ = {isa = PBXBuildFile; fileRef = 5186557718CC3E8C00E8F486 /* UXRFourSquareMenuModel.m */; };
		518655A218CC3E8C00E8F486 /* UXRFourSquareReservationsModel.m in Sources */ = {isa = PBXBuildFile; fileRef = 5186557918CC3E8C00E8F486 /* UXRFourSquareReservationsModel.m */; };
		518655A318CC3E8C00E8F486 /* UXRFourSquareReservationsModel.m in Sources */ = {isa = PBXBuildFile; fileRef = 5186557918CC3E8C00E8F486 /* UXRFourSquareReservationsModel.m */; };
		518655A418CC3E8C00E8F486 /* UXRFourSquareTimeFramesModel.m in Sources */ = {isa = PBXBuildFile; fileRef = 5186557B18CC3E8C00E8F486 /* UXRFourSquareTimeFramesModel.m */; };
		518655A518CC3E8C00E8F486 /* UXRFourSquareTimeFramesModel.m in Sources */ = {isa = PBXBuildFile; fileRef = 5186557B18CC3E8C00E8F486 /* UXRFourSquareTimeFramesModel.m */; };
		518655A618CC3E8C00E8F486 /* UXRFourSquareContactModel.m in Sources */ = {isa = PBXBuildFile; fileRef = 5186557D18CC3E8C00E8F486 /* UXRFourSquareContactModel.m */; };
		518655A718CC3E8C00E8F486 /* UXRFourSquareContactModel.m in Sources */ = {isa = PBXBuildFile; fileRef = 5186557D18CC3E8C00E8F486 /* UXRFourSquareContactModel.m */; };
		518655A818CC3E8C00E8F486 /* UXRFourSquareLikesModel.m in Sources */ = {isa = PBXBuildFile; fileRef = 5186557F18CC3E8C00E8F486 /* UXRFourSquareLikesModel.m */; };
		518655A918CC3E8C00E8F486 /* UXRFourSquareLikesModel.m in Sources */ = {isa = PBXBuildFile; fileRef = 5186557F18CC3E8C00E8F486 /* UXRFourSquareLikesModel.m */; };
		518655AA18CC3E8C00E8F486 /* UXRExploreQueryBaseModel.m in Sources */ = {isa = PBXBuildFile; fileRef = 5186558118CC3E8C00E8F486 /* UXRExploreQueryBaseModel.m */; };
		518655AB18CC3E8C00E8F486 /* UXRExploreQueryBaseModel.m in Sources */ = {isa = PBXBuildFile; fileRef = 5186558118CC3E8C00E8F486 /* UXRExploreQueryBaseModel.m */; };
		518655AC18CC3E8C00E8F486 /* UXRFourSquareGeoCodeModel.m in Sources */ = {isa = PBXBuildFile; fileRef = 5186558318CC3E8C00E8F486 /* UXRFourSquareGeoCodeModel.m */; };
		518655AD18CC3E8C00E8F486 /* UXRFourSquareGeoCodeModel.m in Sources */ = {isa = PBXBuildFile; fileRef = 5186558318CC3E8C00E8F486 /* UXRFourSquareGeoCodeModel.m */; };
		518655AE18CC3E8C00E8F486 /* UXRFourSquareExploreResultsModel.m in Sources */ = {isa = PBXBuildFile; fileRef = 5186558518CC3E8C00E8F486 /* UXRFourSquareExploreResultsModel.m */; };
		518655AF18CC3E8C00E8F486 /* UXRFourSquareExploreResultsModel.m in Sources */ = {isa = PBXBuildFile; fileRef = 5186558518CC3E8C00E8F486 /* UXRFourSquareExploreResultsModel.m */; };
		518655B018CC3E8C00E8F486 /* UXRFourSquareOpenTime.m in Sources */ = {isa = PBXBuildFile; fileRef = 5186558718CC3E8C00E8F486 /* UXRFourSquareOpenTime.m */; };
		518655B118CC3E8C00E8F486 /* UXRFourSquareOpenTime.m in Sources */ = {isa = PBXBuildFile; fileRef = 5186558718CC3E8C00E8F486 /* UXRFourSquareOpenTime.m */; };
		518655B218CC3E8C00E8F486 /* UXRFourSquareAttributesModel.m in Sources */ = {isa = PBXBuildFile; fileRef = 5186558918CC3E8C00E8F486 /* UXRFourSquareAttributesModel.m */; };
		518655B318CC3E8C00E8F486 /* UXRFourSquareAttributesModel.m in Sources */ = {isa = PBXBuildFile; fileRef = 5186558918CC3E8C00E8F486 /* UXRFourSquareAttributesModel.m */; };
		518655B918CC3ECC00E8F486 /* UXRFourSquareTests.m in Sources */ = {isa = PBXBuildFile; fileRef = 518655B718CC3ECC00E8F486 /* UXRFourSquareTests.m */; };
		518655BC18CC3ED700E8F486 /* UXRBaseEngineTests.m in Sources */ = {isa = PBXBuildFile; fileRef = 518655BA18CC3ED700E8F486 /* UXRBaseEngineTests.m */; };
		518655C118CC3EF200E8F486 /* UXRGlobals.m in Sources */ = {isa = PBXBuildFile; fileRef = 518655C018CC3EF200E8F486 /* UXRGlobals.m */; };
		518655C218CC3EF200E8F486 /* UXRGlobals.m in Sources */ = {isa = PBXBuildFile; fileRef = 518655C018CC3EF200E8F486 /* UXRGlobals.m */; };
		518655D218CC3F2400E8F486 /* UIStoryboard+storyboardWithUniversalName.m in Sources */ = {isa = PBXBuildFile; fileRef = 518655C518CC3F2400E8F486 /* UIStoryboard+storyboardWithUniversalName.m */; };
		518655D318CC3F2400E8F486 /* UIStoryboard+storyboardWithUniversalName.m in Sources */ = {isa = PBXBuildFile; fileRef = 518655C518CC3F2400E8F486 /* UIStoryboard+storyboardWithUniversalName.m */; };
		518655D418CC3F2400E8F486 /* CLLocation+isEmpty.m in Sources */ = {isa = PBXBuildFile; fileRef = 518655C718CC3F2400E8F486 /* CLLocation+isEmpty.m */; };
		518655D518CC3F2400E8F486 /* CLLocation+isEmpty.m in Sources */ = {isa = PBXBuildFile; fileRef = 518655C718CC3F2400E8F486 /* CLLocation+isEmpty.m */; };
		518655D618CC3F2400E8F486 /* CLLocation+Testing.m in Sources */ = {isa = PBXBuildFile; fileRef = 518655C918CC3F2400E8F486 /* CLLocation+Testing.m */; };
		518655D718CC3F2400E8F486 /* CLLocation+Testing.m in Sources */ = {isa = PBXBuildFile; fileRef = 518655C918CC3F2400E8F486 /* CLLocation+Testing.m */; };
		518655D818CC3F2400E8F486 /* NSDictionary+PList.m in Sources */ = {isa = PBXBuildFile; fileRef = 518655CB18CC3F2400E8F486 /* NSDictionary+PList.m */; };
		518655D918CC3F2400E8F486 /* NSDictionary+PList.m in Sources */ = {isa = PBXBuildFile; fileRef = 518655CB18CC3F2400E8F486 /* NSDictionary+PList.m */; };
		518655DA18CC3F2400E8F486 /* NSString+Location.m in Sources */ = {isa = PBXBuildFile; fileRef = 518655CD18CC3F2400E8F486 /* NSString+Location.m */; };
		518655DB18CC3F2400E8F486 /* NSString+Location.m in Sources */ = {isa = PBXBuildFile; fileRef = 518655CD18CC3F2400E8F486 /* NSString+Location.m */; };
		518655DC18CC3F2400E8F486 /* UIApplication+Orientation.m in Sources */ = {isa = PBXBuildFile; fileRef = 518655CF18CC3F2400E8F486 /* UIApplication+Orientation.m */; };
		518655DD18CC3F2400E8F486 /* UIApplication+Orientation.m in Sources */ = {isa = PBXBuildFile; fileRef = 518655CF18CC3F2400E8F486 /* UIApplication+Orientation.m */; };
		518655E218CC3F3E00E8F486 /* RSOAuthEngine.m in Sources */ = {isa = PBXBuildFile; fileRef = 518655E118CC3F3E00E8F486 /* RSOAuthEngine.m */; };
		518655E318CC3F3E00E8F486 /* RSOAuthEngine.m in Sources */ = {isa = PBXBuildFile; fileRef = 518655E118CC3F3E00E8F486 /* RSOAuthEngine.m */; };
		518655E718CC40B100E8F486 /* UXRBaseModel.m in Sources */ = {isa = PBXBuildFile; fileRef = 518655E618CC40B100E8F486 /* UXRBaseModel.m */; };
		518655E818CC40B100E8F486 /* UXRBaseModel.m in Sources */ = {isa = PBXBuildFile; fileRef = 518655E618CC40B100E8F486 /* UXRBaseModel.m */; };
		518655EC18CC40C500E8F486 /* UXRJSONDeserializableObject.m in Sources */ = {isa = PBXBuildFile; fileRef = 518655EA18CC40C500E8F486 /* UXRJSONDeserializableObject.m */; };
		518655ED18CC40C500E8F486 /* UXRJSONDeserializableObject.m in Sources */ = {isa = PBXBuildFile; fileRef = 518655EA18CC40C500E8F486 /* UXRJSONDeserializableObject.m */; };
		518655F118CC433000E8F486 /* NSString+Utils.m in Sources */ = {isa = PBXBuildFile; fileRef = 518655F018CC433000E8F486 /* NSString+Utils.m */; };
		518655F218CC433000E8F486 /* NSString+Utils.m in Sources */ = {isa = PBXBuildFile; fileRef = 518655F018CC433000E8F486 /* NSString+Utils.m */; };
/* End PBXBuildFile section */

/* Begin PBXContainerItemProxy section */
		5186554E18CC3E4E00E8F486 /* PBXContainerItemProxy */ = {
			isa = PBXContainerItemProxy;
			containerPortal = 5186552618CC3E4E00E8F486 /* Project object */;
			proxyType = 1;
			remoteGlobalIDString = 5186552D18CC3E4E00E8F486;
			remoteInfo = FourSquareSDK;
		};
/* End PBXContainerItemProxy section */

/* Begin PBXFileReference section */
		5186552E18CC3E4E00E8F486 /* FourSquareSDK.app */ = {isa = PBXFileReference; explicitFileType = wrapper.application; includeInIndex = 0; path = FourSquareSDK.app; sourceTree = BUILT_PRODUCTS_DIR; };
		5186553118CC3E4E00E8F486 /* Foundation.framework */ = {isa = PBXFileReference; lastKnownFileType = wrapper.framework; name = Foundation.framework; path = System/Library/Frameworks/Foundation.framework; sourceTree = SDKROOT; };
		5186553318CC3E4E00E8F486 /* CoreGraphics.framework */ = {isa = PBXFileReference; lastKnownFileType = wrapper.framework; name = CoreGraphics.framework; path = System/Library/Frameworks/CoreGraphics.framework; sourceTree = SDKROOT; };
		5186553518CC3E4E00E8F486 /* UIKit.framework */ = {isa = PBXFileReference; lastKnownFileType = wrapper.framework; name = UIKit.framework; path = System/Library/Frameworks/UIKit.framework; sourceTree = SDKROOT; };
		5186553918CC3E4E00E8F486 /* FourSquareSDK-Info.plist */ = {isa = PBXFileReference; lastKnownFileType = text.plist.xml; path = "FourSquareSDK-Info.plist"; sourceTree = "<group>"; };
		5186553B18CC3E4E00E8F486 /* en */ = {isa = PBXFileReference; lastKnownFileType = text.plist.strings; name = en; path = en.lproj/InfoPlist.strings; sourceTree = "<group>"; };
		5186553D18CC3E4E00E8F486 /* main.m */ = {isa = PBXFileReference; lastKnownFileType = sourcecode.c.objc; path = main.m; sourceTree = "<group>"; };
		5186553F18CC3E4E00E8F486 /* FourSquareSDK-Prefix.pch */ = {isa = PBXFileReference; lastKnownFileType = sourcecode.c.h; path = "FourSquareSDK-Prefix.pch"; sourceTree = "<group>"; };
		5186554018CC3E4E00E8F486 /* UXRAppDelegate.h */ = {isa = PBXFileReference; lastKnownFileType = sourcecode.c.h; name = UXRAppDelegate.h; path = FourSquareSDK/UXRAppDelegate.h; sourceTree = "<group>"; };
		5186554118CC3E4E00E8F486 /* UXRAppDelegate.m */ = {isa = PBXFileReference; lastKnownFileType = sourcecode.c.objc; name = UXRAppDelegate.m; path = FourSquareSDK/UXRAppDelegate.m; sourceTree = "<group>"; };
		5186554318CC3E4E00E8F486 /* Images.xcassets */ = {isa = PBXFileReference; lastKnownFileType = folder.assetcatalog; path = Images.xcassets; sourceTree = "<group>"; };
		5186554918CC3E4E00E8F486 /* FourSquareSDKTests.xctest */ = {isa = PBXFileReference; explicitFileType = wrapper.cfbundle; includeInIndex = 0; path = FourSquareSDKTests.xctest; sourceTree = BUILT_PRODUCTS_DIR; };
		5186554A18CC3E4E00E8F486 /* XCTest.framework */ = {isa = PBXFileReference; lastKnownFileType = wrapper.framework; name = XCTest.framework; path = Library/Frameworks/XCTest.framework; sourceTree = DEVELOPER_DIR; };
		5186555218CC3E4E00E8F486 /* FourSquareSDKTests-Info.plist */ = {isa = PBXFileReference; lastKnownFileType = text.plist.xml; path = "FourSquareSDKTests-Info.plist"; sourceTree = "<group>"; };
		5186555418CC3E4E00E8F486 /* en */ = {isa = PBXFileReference; lastKnownFileType = text.plist.strings; name = en; path = en.lproj/InfoPlist.strings; sourceTree = "<group>"; };
		5186555618CC3E4E00E8F486 /* FourSquareSDKTests.m */ = {isa = PBXFileReference; lastKnownFileType = sourcecode.c.objc; path = FourSquareSDKTests.m; sourceTree = "<group>"; };
		5186556018CC3E8C00E8F486 /* UXRBaseNetworkingEngine.h */ = {isa = PBXFileReference; fileEncoding = 4; lastKnownFileType = sourcecode.c.h; path = UXRBaseNetworkingEngine.h; sourceTree = "<group>"; };
		5186556118CC3E8C00E8F486 /* UXRBaseNetworkingEngine.m */ = {isa = PBXFileReference; fileEncoding = 4; lastKnownFileType = sourcecode.c.objc; path = UXRBaseNetworkingEngine.m; sourceTree = "<group>"; };
		5186556218CC3E8C00E8F486 /* UXRFourSquareNetworkingEngine.h */ = {isa = PBXFileReference; fileEncoding = 4; lastKnownFileType = sourcecode.c.h; path = UXRFourSquareNetworkingEngine.h; sourceTree = "<group>"; };
		5186556318CC3E8C00E8F486 /* UXRFourSquareNetworkingEngine.m */ = {isa = PBXFileReference; fileEncoding = 4; lastKnownFileType = sourcecode.c.objc; path = UXRFourSquareNetworkingEngine.m; sourceTree = "<group>"; };
		5186556418CC3E8C00E8F486 /* UXRFourSquareRestaurantModel.h */ = {isa = PBXFileReference; fileEncoding = 4; lastKnownFileType = sourcecode.c.h; path = UXRFourSquareRestaurantModel.h; sourceTree = "<group>"; };
		5186556518CC3E8C00E8F486 /* UXRFourSquareRestaurantModel.m */ = {isa = PBXFileReference; fileEncoding = 4; lastKnownFileType = sourcecode.c.objc; path = UXRFourSquareRestaurantModel.m; sourceTree = "<group>"; };
		5186556618CC3E8C00E8F486 /* UXRFourSquareLocationModel.h */ = {isa = PBXFileReference; fileEncoding = 4; lastKnownFileType = sourcecode.c.h; path = UXRFourSquareLocationModel.h; sourceTree = "<group>"; };
		5186556718CC3E8C00E8F486 /* UXRFourSquareLocationModel.m */ = {isa = PBXFileReference; fileEncoding = 4; lastKnownFileType = sourcecode.c.objc; path = UXRFourSquareLocationModel.m; sourceTree = "<group>"; };
		5186556818CC3E8C00E8F486 /* UXRFourSquareCategoryModel.h */ = {isa = PBXFileReference; fileEncoding = 4; lastKnownFileType = sourcecode.c.h; path = UXRFourSquareCategoryModel.h; sourceTree = "<group>"; };
		5186556918CC3E8C00E8F486 /* UXRFourSquareCategoryModel.m */ = {isa = PBXFileReference; fileEncoding = 4; lastKnownFileType = sourcecode.c.objc; path = UXRFourSquareCategoryModel.m; sourceTree = "<group>"; };
		5186556A18CC3E8C00E8F486 /* UXRFourSquarePhotoModel.h */ = {isa = PBXFileReference; fileEncoding = 4; lastKnownFileType = sourcecode.c.h; path = UXRFourSquarePhotoModel.h; sourceTree = "<group>"; };
		5186556B18CC3E8C00E8F486 /* UXRFourSquarePhotoModel.m */ = {isa = PBXFileReference; fileEncoding = 4; lastKnownFileType = sourcecode.c.objc; path = UXRFourSquarePhotoModel.m; sourceTree = "<group>"; };
		5186556C18CC3E8C00E8F486 /* UXRFourSquareUserModel.h */ = {isa = PBXFileReference; fileEncoding = 4; lastKnownFileType = sourcecode.c.h; path = UXRFourSquareUserModel.h; sourceTree = "<group>"; };
		5186556D18CC3E8C00E8F486 /* UXRFourSquareUserModel.m */ = {isa = PBXFileReference; fileEncoding = 4; lastKnownFileType = sourcecode.c.objc; path = UXRFourSquareUserModel.m; sourceTree = "<group>"; };
		5186556E18CC3E8C00E8F486 /* UXRFourSquareHoursModel.h */ = {isa = PBXFileReference; fileEncoding = 4; lastKnownFileType = sourcecode.c.h; path = UXRFourSquareHoursModel.h; sourceTree = "<group>"; };
		5186556F18CC3E8C00E8F486 /* UXRFourSquareHoursModel.m */ = {isa = PBXFileReference; fileEncoding = 4; lastKnownFileType = sourcecode.c.objc; path = UXRFourSquareHoursModel.m; sourceTree = "<group>"; };
		5186557018CC3E8C00E8F486 /* UXRFourSquareTipModel.h */ = {isa = PBXFileReference; fileEncoding = 4; lastKnownFileType = sourcecode.c.h; path = UXRFourSquareTipModel.h; sourceTree = "<group>"; };
		5186557118CC3E8C00E8F486 /* UXRFourSquareTipModel.m */ = {isa = PBXFileReference; fileEncoding = 4; lastKnownFileType = sourcecode.c.objc; path = UXRFourSquareTipModel.m; sourceTree = "<group>"; };
		5186557218CC3E8C00E8F486 /* UXRFourSquareStatsModel.h */ = {isa = PBXFileReference; fileEncoding = 4; lastKnownFileType = sourcecode.c.h; path = UXRFourSquareStatsModel.h; sourceTree = "<group>"; };
		5186557318CC3E8C00E8F486 /* UXRFourSquareStatsModel.m */ = {isa = PBXFileReference; fileEncoding = 4; lastKnownFileType = sourcecode.c.objc; path = UXRFourSquareStatsModel.m; sourceTree = "<group>"; };
		5186557418CC3E8C00E8F486 /* UXRFourSquarePriceModel.h */ = {isa = PBXFileReference; fileEncoding = 4; lastKnownFileType = sourcecode.c.h; path = UXRFourSquarePriceModel.h; sourceTree = "<group>"; };
		5186557518CC3E8C00E8F486 /* UXRFourSquarePriceModel.m */ = {isa = PBXFileReference; fileEncoding = 4; lastKnownFileType = sourcecode.c.objc; path = UXRFourSquarePriceModel.m; sourceTree = "<group>"; };
		5186557618CC3E8C00E8F486 /* UXRFourSquareMenuModel.h */ = {isa = PBXFileReference; fileEncoding = 4; lastKnownFileType = sourcecode.c.h; path = UXRFourSquareMenuModel.h; sourceTree = "<group>"; };
		5186557718CC3E8C00E8F486 /* UXRFourSquareMenuModel.m */ = {isa = PBXFileReference; fileEncoding = 4; lastKnownFileType = sourcecode.c.objc; path = UXRFourSquareMenuModel.m; sourceTree = "<group>"; };
		5186557818CC3E8C00E8F486 /* UXRFourSquareReservationsModel.h */ = {isa = PBXFileReference; fileEncoding = 4; lastKnownFileType = sourcecode.c.h; path = UXRFourSquareReservationsModel.h; sourceTree = "<group>"; };
		5186557918CC3E8C00E8F486 /* UXRFourSquareReservationsModel.m */ = {isa = PBXFileReference; fileEncoding = 4; lastKnownFileType = sourcecode.c.objc; path = UXRFourSquareReservationsModel.m; sourceTree = "<group>"; };
		5186557A18CC3E8C00E8F486 /* UXRFourSquareTimeFramesModel.h */ = {isa = PBXFileReference; fileEncoding = 4; lastKnownFileType = sourcecode.c.h; path = UXRFourSquareTimeFramesModel.h; sourceTree = "<group>"; };
		5186557B18CC3E8C00E8F486 /* UXRFourSquareTimeFramesModel.m */ = {isa = PBXFileReference; fileEncoding = 4; lastKnownFileType = sourcecode.c.objc; path = UXRFourSquareTimeFramesModel.m; sourceTree = "<group>"; };
		5186557C18CC3E8C00E8F486 /* UXRFourSquareContactModel.h */ = {isa = PBXFileReference; fileEncoding = 4; lastKnownFileType = sourcecode.c.h; path = UXRFourSquareContactModel.h; sourceTree = "<group>"; };
		5186557D18CC3E8C00E8F486 /* UXRFourSquareContactModel.m */ = {isa = PBXFileReference; fileEncoding = 4; lastKnownFileType = sourcecode.c.objc; path = UXRFourSquareContactModel.m; sourceTree = "<group>"; };
		5186557E18CC3E8C00E8F486 /* UXRFourSquareLikesModel.h */ = {isa = PBXFileReference; fileEncoding = 4; lastKnownFileType = sourcecode.c.h; path = UXRFourSquareLikesModel.h; sourceTree = "<group>"; };
		5186557F18CC3E8C00E8F486 /* UXRFourSquareLikesModel.m */ = {isa = PBXFileReference; fileEncoding = 4; lastKnownFileType = sourcecode.c.objc; path = UXRFourSquareLikesModel.m; sourceTree = "<group>"; };
		5186558018CC3E8C00E8F486 /* UXRExploreQueryBaseModel.h */ = {isa = PBXFileReference; fileEncoding = 4; lastKnownFileType = sourcecode.c.h; path = UXRExploreQueryBaseModel.h; sourceTree = "<group>"; };
		5186558118CC3E8C00E8F486 /* UXRExploreQueryBaseModel.m */ = {isa = PBXFileReference; fileEncoding = 4; lastKnownFileType = sourcecode.c.objc; path = UXRExploreQueryBaseModel.m; sourceTree = "<group>"; };
		5186558218CC3E8C00E8F486 /* UXRFourSquareGeoCodeModel.h */ = {isa = PBXFileReference; fileEncoding = 4; lastKnownFileType = sourcecode.c.h; path = UXRFourSquareGeoCodeModel.h; sourceTree = "<group>"; };
		5186558318CC3E8C00E8F486 /* UXRFourSquareGeoCodeModel.m */ = {isa = PBXFileReference; fileEncoding = 4; lastKnownFileType = sourcecode.c.objc; path = UXRFourSquareGeoCodeModel.m; sourceTree = "<group>"; };
		5186558418CC3E8C00E8F486 /* UXRFourSquareExploreResultsModel.h */ = {isa = PBXFileReference; fileEncoding = 4; lastKnownFileType = sourcecode.c.h; path = UXRFourSquareExploreResultsModel.h; sourceTree = "<group>"; };
		5186558518CC3E8C00E8F486 /* UXRFourSquareExploreResultsModel.m */ = {isa = PBXFileReference; fileEncoding = 4; lastKnownFileType = sourcecode.c.objc; path = UXRFourSquareExploreResultsModel.m; sourceTree = "<group>"; };
		5186558618CC3E8C00E8F486 /* UXRFourSquareOpenTime.h */ = {isa = PBXFileReference; fileEncoding = 4; lastKnownFileType = sourcecode.c.h; path = UXRFourSquareOpenTime.h; sourceTree = "<group>"; };
		5186558718CC3E8C00E8F486 /* UXRFourSquareOpenTime.m */ = {isa = PBXFileReference; fileEncoding = 4; lastKnownFileType = sourcecode.c.objc; path = UXRFourSquareOpenTime.m; sourceTree = "<group>"; };
		5186558818CC3E8C00E8F486 /* UXRFourSquareAttributesModel.h */ = {isa = PBXFileReference; fileEncoding = 4; lastKnownFileType = sourcecode.c.h; path = UXRFourSquareAttributesModel.h; sourceTree = "<group>"; };
		5186558918CC3E8C00E8F486 /* UXRFourSquareAttributesModel.m */ = {isa = PBXFileReference; fileEncoding = 4; lastKnownFileType = sourcecode.c.objc; path = UXRFourSquareAttributesModel.m; sourceTree = "<group>"; };
		518655B618CC3EC400E8F486 /* UXRAsyncTesting.h */ = {isa = PBXFileReference; fileEncoding = 4; lastKnownFileType = sourcecode.c.h; path = UXRAsyncTesting.h; sourceTree = "<group>"; };
		518655B718CC3ECC00E8F486 /* UXRFourSquareTests.m */ = {isa = PBXFileReference; fileEncoding = 4; lastKnownFileType = sourcecode.c.objc; path = UXRFourSquareTests.m; sourceTree = "<group>"; };
		518655BA18CC3ED700E8F486 /* UXRBaseEngineTests.m */ = {isa = PBXFileReference; fileEncoding = 4; lastKnownFileType = sourcecode.c.objc; path = UXRBaseEngineTests.m; sourceTree = "<group>"; };
		518655BF18CC3EF200E8F486 /* UXRGlobals.h */ = {isa = PBXFileReference; fileEncoding = 4; lastKnownFileType = sourcecode.c.h; path = UXRGlobals.h; sourceTree = "<group>"; };
		518655C018CC3EF200E8F486 /* UXRGlobals.m */ = {isa = PBXFileReference; fileEncoding = 4; lastKnownFileType = sourcecode.c.objc; path = UXRGlobals.m; sourceTree = "<group>"; };
		518655C418CC3F2400E8F486 /* UIStoryboard+storyboardWithUniversalName.h */ = {isa = PBXFileReference; fileEncoding = 4; lastKnownFileType = sourcecode.c.h; path = "UIStoryboard+storyboardWithUniversalName.h"; sourceTree = "<group>"; };
		518655C518CC3F2400E8F486 /* UIStoryboard+storyboardWithUniversalName.m */ = {isa = PBXFileReference; fileEncoding = 4; lastKnownFileType = sourcecode.c.objc; path = "UIStoryboard+storyboardWithUniversalName.m"; sourceTree = "<group>"; };
		518655C618CC3F2400E8F486 /* CLLocation+isEmpty.h */ = {isa = PBXFileReference; fileEncoding = 4; lastKnownFileType = sourcecode.c.h; path = "CLLocation+isEmpty.h"; sourceTree = "<group>"; };
		518655C718CC3F2400E8F486 /* CLLocation+isEmpty.m */ = {isa = PBXFileReference; fileEncoding = 4; lastKnownFileType = sourcecode.c.objc; path = "CLLocation+isEmpty.m"; sourceTree = "<group>"; };
		518655C818CC3F2400E8F486 /* CLLocation+Testing.h */ = {isa = PBXFileReference; fileEncoding = 4; lastKnownFileType = sourcecode.c.h; path = "CLLocation+Testing.h"; sourceTree = "<group>"; };
		518655C918CC3F2400E8F486 /* CLLocation+Testing.m */ = {isa = PBXFileReference; fileEncoding = 4; lastKnownFileType = sourcecode.c.objc; path = "CLLocation+Testing.m"; sourceTree = "<group>"; };
		518655CA18CC3F2400E8F486 /* NSDictionary+PList.h */ = {isa = PBXFileReference; fileEncoding = 4; lastKnownFileType = sourcecode.c.h; path = "NSDictionary+PList.h"; sourceTree = "<group>"; };
		518655CB18CC3F2400E8F486 /* NSDictionary+PList.m */ = {isa = PBXFileReference; fileEncoding = 4; lastKnownFileType = sourcecode.c.objc; path = "NSDictionary+PList.m"; sourceTree = "<group>"; };
		518655CC18CC3F2400E8F486 /* NSString+Location.h */ = {isa = PBXFileReference; fileEncoding = 4; lastKnownFileType = sourcecode.c.h; path = "NSString+Location.h"; sourceTree = "<group>"; };
		518655CD18CC3F2400E8F486 /* NSString+Location.m */ = {isa = PBXFileReference; fileEncoding = 4; lastKnownFileType = sourcecode.c.objc; path = "NSString+Location.m"; sourceTree = "<group>"; };
		518655CE18CC3F2400E8F486 /* UIApplication+Orientation.h */ = {isa = PBXFileReference; fileEncoding = 4; lastKnownFileType = sourcecode.c.h; path = "UIApplication+Orientation.h"; sourceTree = "<group>"; };
		518655CF18CC3F2400E8F486 /* UIApplication+Orientation.m */ = {isa = PBXFileReference; fileEncoding = 4; lastKnownFileType = sourcecode.c.objc; path = "UIApplication+Orientation.m"; sourceTree = "<group>"; };
		518655E018CC3F3E00E8F486 /* RSOAuthEngine.h */ = {isa = PBXFileReference; fileEncoding = 4; lastKnownFileType = sourcecode.c.h; path = RSOAuthEngine.h; sourceTree = "<group>"; };
		518655E118CC3F3E00E8F486 /* RSOAuthEngine.m */ = {isa = PBXFileReference; fileEncoding = 4; lastKnownFileType = sourcecode.c.objc; path = RSOAuthEngine.m; sourceTree = "<group>"; };
		518655E518CC40B100E8F486 /* UXRBaseModel.h */ = {isa = PBXFileReference; fileEncoding = 4; lastKnownFileType = sourcecode.c.h; path = UXRBaseModel.h; sourceTree = "<group>"; };
		518655E618CC40B100E8F486 /* UXRBaseModel.m */ = {isa = PBXFileReference; fileEncoding = 4; lastKnownFileType = sourcecode.c.objc; path = UXRBaseModel.m; sourceTree = "<group>"; };
		518655E918CC40C500E8F486 /* UXRJSONDeserializableObject.h */ = {isa = PBXFileReference; fileEncoding = 4; lastKnownFileType = sourcecode.c.h; path = UXRJSONDeserializableObject.h; sourceTree = "<group>"; };
		518655EA18CC40C500E8F486 /* UXRJSONDeserializableObject.m */ = {isa = PBXFileReference; fileEncoding = 4; lastKnownFileType = sourcecode.c.objc; path = UXRJSONDeserializableObject.m; sourceTree = "<group>"; };
		518655EB18CC40C500E8F486 /* UXRJSONSerializableObject.h */ = {isa = PBXFileReference; fileEncoding = 4; lastKnownFileType = sourcecode.c.h; path = UXRJSONSerializableObject.h; sourceTree = "<group>"; };
		518655EF18CC433000E8F486 /* NSString+Utils.h */ = {isa = PBXFileReference; fileEncoding = 4; lastKnownFileType = sourcecode.c.h; path = "NSString+Utils.h"; sourceTree = "<group>"; };
		518655F018CC433000E8F486 /* NSString+Utils.m */ = {isa = PBXFileReference; fileEncoding = 4; lastKnownFileType = sourcecode.c.objc; path = "NSString+Utils.m"; sourceTree = "<group>"; };
		523B565C7D214617996226E3 /* Pods.xcconfig */ = {isa = PBXFileReference; includeInIndex = 1; lastKnownFileType = text.xcconfig; name = Pods.xcconfig; path = Pods/Pods.xcconfig; sourceTree = "<group>"; };
		98E5B1D818E844F284BA93DA /* libPods.a */ = {isa = PBXFileReference; explicitFileType = archive.ar; includeInIndex = 0; path = libPods.a; sourceTree = BUILT_PRODUCTS_DIR; };
/* End PBXFileReference section */

/* Begin PBXFrameworksBuildPhase section */
		5186552B18CC3E4E00E8F486 /* Frameworks */ = {
			isa = PBXFrameworksBuildPhase;
			buildActionMask = 2147483647;
			files = (
				5186553418CC3E4E00E8F486 /* CoreGraphics.framework in Frameworks */,
				5186553618CC3E4E00E8F486 /* UIKit.framework in Frameworks */,
				5186553218CC3E4E00E8F486 /* Foundation.framework in Frameworks */,
				4EC672A0EDE64F10B25CA6DB /* libPods.a in Frameworks */,
			);
			runOnlyForDeploymentPostprocessing = 0;
		};
		5186554618CC3E4E00E8F486 /* Frameworks */ = {
			isa = PBXFrameworksBuildPhase;
			buildActionMask = 2147483647;
			files = (
				5186554B18CC3E4E00E8F486 /* XCTest.framework in Frameworks */,
				5186554D18CC3E4E00E8F486 /* UIKit.framework in Frameworks */,
				5186554C18CC3E4E00E8F486 /* Foundation.framework in Frameworks */,
			);
			runOnlyForDeploymentPostprocessing = 0;
		};
/* End PBXFrameworksBuildPhase section */

/* Begin PBXGroup section */
		5186552518CC3E4E00E8F486 = {
			isa = PBXGroup;
			children = (
				518655E418CC3F9D00E8F486 /* Demo */,
				5186553718CC3E4E00E8F486 /* FourSquareSDK */,
				5186555018CC3E4E00E8F486 /* FourSquareSDKTests */,
				5186553018CC3E4E00E8F486 /* Frameworks */,
				5186552F18CC3E4E00E8F486 /* Products */,
				523B565C7D214617996226E3 /* Pods.xcconfig */,
			);
			sourceTree = "<group>";
		};
		5186552F18CC3E4E00E8F486 /* Products */ = {
			isa = PBXGroup;
			children = (
				5186552E18CC3E4E00E8F486 /* FourSquareSDK.app */,
				5186554918CC3E4E00E8F486 /* FourSquareSDKTests.xctest */,
			);
			name = Products;
			sourceTree = "<group>";
		};
		5186553018CC3E4E00E8F486 /* Frameworks */ = {
			isa = PBXGroup;
			children = (
				5186553118CC3E4E00E8F486 /* Foundation.framework */,
				5186553318CC3E4E00E8F486 /* CoreGraphics.framework */,
				5186553518CC3E4E00E8F486 /* UIKit.framework */,
				5186554A18CC3E4E00E8F486 /* XCTest.framework */,
				98E5B1D818E844F284BA93DA /* libPods.a */,
			);
			name = Frameworks;
			sourceTree = "<group>";
		};
		5186553718CC3E4E00E8F486 /* FourSquareSDK */ = {
			isa = PBXGroup;
			children = (
				518655C318CC3F0600E8F486 /* Categories */,
				518655BE18CC3EE600E8F486 /* Utilities */,
				518655BD18CC3EDF00E8F486 /* ViewControllers */,
				518655B518CC3E9700E8F486 /* Networking */,
				518655B418CC3E8F00E8F486 /* Models */,
				518655BF18CC3EF200E8F486 /* UXRGlobals.h */,
				518655C018CC3EF200E8F486 /* UXRGlobals.m */,
				5186554318CC3E4E00E8F486 /* Images.xcassets */,
				5186553818CC3E4E00E8F486 /* Supporting Files */,
			);
			path = FourSquareSDK;
			sourceTree = "<group>";
		};
		5186553818CC3E4E00E8F486 /* Supporting Files */ = {
			isa = PBXGroup;
			children = (
				5186553918CC3E4E00E8F486 /* FourSquareSDK-Info.plist */,
				5186553A18CC3E4E00E8F486 /* InfoPlist.strings */,
				5186553D18CC3E4E00E8F486 /* main.m */,
				5186553F18CC3E4E00E8F486 /* FourSquareSDK-Prefix.pch */,
			);
			name = "Supporting Files";
			sourceTree = "<group>";
		};
		5186555018CC3E4E00E8F486 /* FourSquareSDKTests */ = {
			isa = PBXGroup;
			children = (
				518655BA18CC3ED700E8F486 /* UXRBaseEngineTests.m */,
				518655B718CC3ECC00E8F486 /* UXRFourSquareTests.m */,
				518655B618CC3EC400E8F486 /* UXRAsyncTesting.h */,
				5186555618CC3E4E00E8F486 /* FourSquareSDKTests.m */,
				5186555118CC3E4E00E8F486 /* Supporting Files */,
			);
			path = FourSquareSDKTests;
			sourceTree = "<group>";
		};
		5186555118CC3E4E00E8F486 /* Supporting Files */ = {
			isa = PBXGroup;
			children = (
				5186555218CC3E4E00E8F486 /* FourSquareSDKTests-Info.plist */,
				5186555318CC3E4E00E8F486 /* InfoPlist.strings */,
			);
			name = "Supporting Files";
			sourceTree = "<group>";
		};
		518655B418CC3E8F00E8F486 /* Models */ = {
			isa = PBXGroup;
			children = (
				518655E918CC40C500E8F486 /* UXRJSONDeserializableObject.h */,
				518655EA18CC40C500E8F486 /* UXRJSONDeserializableObject.m */,
				518655EB18CC40C500E8F486 /* UXRJSONSerializableObject.h */,
				518655E518CC40B100E8F486 /* UXRBaseModel.h */,
				518655E618CC40B100E8F486 /* UXRBaseModel.m */,
				5186556418CC3E8C00E8F486 /* UXRFourSquareRestaurantModel.h */,
				5186556518CC3E8C00E8F486 /* UXRFourSquareRestaurantModel.m */,
				5186556618CC3E8C00E8F486 /* UXRFourSquareLocationModel.h */,
				5186556718CC3E8C00E8F486 /* UXRFourSquareLocationModel.m */,
				5186556818CC3E8C00E8F486 /* UXRFourSquareCategoryModel.h */,
				5186556918CC3E8C00E8F486 /* UXRFourSquareCategoryModel.m */,
				5186556A18CC3E8C00E8F486 /* UXRFourSquarePhotoModel.h */,
				5186556B18CC3E8C00E8F486 /* UXRFourSquarePhotoModel.m */,
				5186556C18CC3E8C00E8F486 /* UXRFourSquareUserModel.h */,
				5186556D18CC3E8C00E8F486 /* UXRFourSquareUserModel.m */,
				5186556E18CC3E8C00E8F486 /* UXRFourSquareHoursModel.h */,
				5186556F18CC3E8C00E8F486 /* UXRFourSquareHoursModel.m */,
				5186557018CC3E8C00E8F486 /* UXRFourSquareTipModel.h */,
				5186557118CC3E8C00E8F486 /* UXRFourSquareTipModel.m */,
				5186557218CC3E8C00E8F486 /* UXRFourSquareStatsModel.h */,
				5186557318CC3E8C00E8F486 /* UXRFourSquareStatsModel.m */,
				5186557418CC3E8C00E8F486 /* UXRFourSquarePriceModel.h */,
				5186557518CC3E8C00E8F486 /* UXRFourSquarePriceModel.m */,
				5186557618CC3E8C00E8F486 /* UXRFourSquareMenuModel.h */,
				5186557718CC3E8C00E8F486 /* UXRFourSquareMenuModel.m */,
				5186557818CC3E8C00E8F486 /* UXRFourSquareReservationsModel.h */,
				5186557918CC3E8C00E8F486 /* UXRFourSquareReservationsModel.m */,
				5186557A18CC3E8C00E8F486 /* UXRFourSquareTimeFramesModel.h */,
				5186557B18CC3E8C00E8F486 /* UXRFourSquareTimeFramesModel.m */,
				5186557C18CC3E8C00E8F486 /* UXRFourSquareContactModel.h */,
				5186557D18CC3E8C00E8F486 /* UXRFourSquareContactModel.m */,
				5186557E18CC3E8C00E8F486 /* UXRFourSquareLikesModel.h */,
				5186557F18CC3E8C00E8F486 /* UXRFourSquareLikesModel.m */,
				5186558018CC3E8C00E8F486 /* UXRExploreQueryBaseModel.h */,
				5186558118CC3E8C00E8F486 /* UXRExploreQueryBaseModel.m */,
				5186558218CC3E8C00E8F486 /* UXRFourSquareGeoCodeModel.h */,
				5186558318CC3E8C00E8F486 /* UXRFourSquareGeoCodeModel.m */,
				5186558418CC3E8C00E8F486 /* UXRFourSquareExploreResultsModel.h */,
				5186558518CC3E8C00E8F486 /* UXRFourSquareExploreResultsModel.m */,
				5186558618CC3E8C00E8F486 /* UXRFourSquareOpenTime.h */,
				5186558718CC3E8C00E8F486 /* UXRFourSquareOpenTime.m */,
				5186558818CC3E8C00E8F486 /* UXRFourSquareAttributesModel.h */,
				5186558918CC3E8C00E8F486 /* UXRFourSquareAttributesModel.m */,
			);
			name = Models;
			sourceTree = "<group>";
		};
		518655B518CC3E9700E8F486 /* Networking */ = {
			isa = PBXGroup;
			children = (
				5186556018CC3E8C00E8F486 /* UXRBaseNetworkingEngine.h */,
				5186556118CC3E8C00E8F486 /* UXRBaseNetworkingEngine.m */,
				5186556218CC3E8C00E8F486 /* UXRFourSquareNetworkingEngine.h */,
				5186556318CC3E8C00E8F486 /* UXRFourSquareNetworkingEngine.m */,
			);
			name = Networking;
			sourceTree = "<group>";
		};
		518655BD18CC3EDF00E8F486 /* ViewControllers */ = {
			isa = PBXGroup;
			children = (
			);
			name = ViewControllers;
			sourceTree = "<group>";
		};
		518655BE18CC3EE600E8F486 /* Utilities */ = {
			isa = PBXGroup;
			children = (
				518655E018CC3F3E00E8F486 /* RSOAuthEngine.h */,
				518655E118CC3F3E00E8F486 /* RSOAuthEngine.m */,
			);
			name = Utilities;
			sourceTree = "<group>";
		};
		518655C318CC3F0600E8F486 /* Categories */ = {
			isa = PBXGroup;
			children = (
				518655EF18CC433000E8F486 /* NSString+Utils.h */,
				518655F018CC433000E8F486 /* NSString+Utils.m */,
				518655C418CC3F2400E8F486 /* UIStoryboard+storyboardWithUniversalName.h */,
				518655C518CC3F2400E8F486 /* UIStoryboard+storyboardWithUniversalName.m */,
				518655C618CC3F2400E8F486 /* CLLocation+isEmpty.h */,
				518655C718CC3F2400E8F486 /* CLLocation+isEmpty.m */,
				518655C818CC3F2400E8F486 /* CLLocation+Testing.h */,
				518655C918CC3F2400E8F486 /* CLLocation+Testing.m */,
				518655CA18CC3F2400E8F486 /* NSDictionary+PList.h */,
				518655CB18CC3F2400E8F486 /* NSDictionary+PList.m */,
				518655CC18CC3F2400E8F486 /* NSString+Location.h */,
				518655CD18CC3F2400E8F486 /* NSString+Location.m */,
				518655CE18CC3F2400E8F486 /* UIApplication+Orientation.h */,
				518655CF18CC3F2400E8F486 /* UIApplication+Orientation.m */,
			);
			name = Categories;
			sourceTree = "<group>";
		};
		518655E418CC3F9D00E8F486 /* Demo */ = {
			isa = PBXGroup;
			children = (
				5186554018CC3E4E00E8F486 /* UXRAppDelegate.h */,
				5186554118CC3E4E00E8F486 /* UXRAppDelegate.m */,
			);
			name = Demo;
			sourceTree = "<group>";
		};
/* End PBXGroup section */

/* Begin PBXNativeTarget section */
		5186552D18CC3E4E00E8F486 /* FourSquareSDK */ = {
			isa = PBXNativeTarget;
			buildConfigurationList = 5186555A18CC3E4E00E8F486 /* Build configuration list for PBXNativeTarget "FourSquareSDK" */;
			buildPhases = (
				6480128672164079A10C65FE /* Check Pods Manifest.lock */,
				5186552A18CC3E4E00E8F486 /* Sources */,
				5186552B18CC3E4E00E8F486 /* Frameworks */,
				5186552C18CC3E4E00E8F486 /* Resources */,
				5741795B31624ADFBACCA906 /* Copy Pods Resources */,
			);
			buildRules = (
			);
			dependencies = (
			);
			name = FourSquareSDK;
			productName = FourSquareSDK;
			productReference = 5186552E18CC3E4E00E8F486 /* FourSquareSDK.app */;
			productType = "com.apple.product-type.application";
		};
		5186554818CC3E4E00E8F486 /* FourSquareSDKTests */ = {
			isa = PBXNativeTarget;
			buildConfigurationList = 5186555D18CC3E4E00E8F486 /* Build configuration list for PBXNativeTarget "FourSquareSDKTests" */;
			buildPhases = (
				5186554518CC3E4E00E8F486 /* Sources */,
				5186554618CC3E4E00E8F486 /* Frameworks */,
				5186554718CC3E4E00E8F486 /* Resources */,
			);
			buildRules = (
			);
			dependencies = (
				5186554F18CC3E4E00E8F486 /* PBXTargetDependency */,
			);
			name = FourSquareSDKTests;
			productName = FourSquareSDKTests;
			productReference = 5186554918CC3E4E00E8F486 /* FourSquareSDKTests.xctest */;
			productType = "com.apple.product-type.bundle.unit-test";
		};
/* End PBXNativeTarget section */

/* Begin PBXProject section */
		5186552618CC3E4E00E8F486 /* Project object */ = {
			isa = PBXProject;
			attributes = {
				CLASSPREFIX = UXR;
				LastUpgradeCheck = 0500;
				ORGANIZATIONNAME = "UX-RX";
				TargetAttributes = {
					5186554818CC3E4E00E8F486 = {
						TestTargetID = 5186552D18CC3E4E00E8F486;
					};
				};
			};
			buildConfigurationList = 5186552918CC3E4E00E8F486 /* Build configuration list for PBXProject "FourSquareSDK" */;
			compatibilityVersion = "Xcode 3.2";
			developmentRegion = English;
			hasScannedForEncodings = 0;
			knownRegions = (
				en,
			);
			mainGroup = 5186552518CC3E4E00E8F486;
			productRefGroup = 5186552F18CC3E4E00E8F486 /* Products */;
			projectDirPath = "";
			projectRoot = "";
			targets = (
				5186552D18CC3E4E00E8F486 /* FourSquareSDK */,
				5186554818CC3E4E00E8F486 /* FourSquareSDKTests */,
			);
		};
/* End PBXProject section */

/* Begin PBXResourcesBuildPhase section */
		5186552C18CC3E4E00E8F486 /* Resources */ = {
			isa = PBXResourcesBuildPhase;
			buildActionMask = 2147483647;
			files = (
				5186553C18CC3E4E00E8F486 /* InfoPlist.strings in Resources */,
				5186554418CC3E4E00E8F486 /* Images.xcassets in Resources */,
			);
			runOnlyForDeploymentPostprocessing = 0;
		};
		5186554718CC3E4E00E8F486 /* Resources */ = {
			isa = PBXResourcesBuildPhase;
			buildActionMask = 2147483647;
			files = (
				5186555518CC3E4E00E8F486 /* InfoPlist.strings in Resources */,
			);
			runOnlyForDeploymentPostprocessing = 0;
		};
/* End PBXResourcesBuildPhase section */

/* Begin PBXShellScriptBuildPhase section */
		5741795B31624ADFBACCA906 /* Copy Pods Resources */ = {
			isa = PBXShellScriptBuildPhase;
			buildActionMask = 2147483647;
			files = (
			);
			inputPaths = (
			);
			name = "Copy Pods Resources";
			outputPaths = (
			);
			runOnlyForDeploymentPostprocessing = 0;
			shellPath = /bin/sh;
			shellScript = "\"${SRCROOT}/Pods/Pods-resources.sh\"\n";
			showEnvVarsInLog = 0;
		};
		6480128672164079A10C65FE /* Check Pods Manifest.lock */ = {
			isa = PBXShellScriptBuildPhase;
			buildActionMask = 2147483647;
			files = (
			);
			inputPaths = (
			);
			name = "Check Pods Manifest.lock";
			outputPaths = (
			);
			runOnlyForDeploymentPostprocessing = 0;
			shellPath = /bin/sh;
			shellScript = "diff \"${PODS_ROOT}/../Podfile.lock\" \"${PODS_ROOT}/Manifest.lock\" > /dev/null\nif [[ $? != 0 ]] ; then\n    cat << EOM\nerror: The sandbox is not in sync with the Podfile.lock. Run 'pod install' or update your CocoaPods installation.\nEOM\n    exit 1\nfi\n";
			showEnvVarsInLog = 0;
		};
/* End PBXShellScriptBuildPhase section */

/* Begin PBXSourcesBuildPhase section */
		5186552A18CC3E4E00E8F486 /* Sources */ = {
			isa = PBXSourcesBuildPhase;
			buildActionMask = 2147483647;
			files = (
				5186559818CC3E8C00E8F486 /* UXRFourSquareHoursModel.m in Sources */,
				518655D418CC3F2400E8F486 /* CLLocation+isEmpty.m in Sources */,
				518655A818CC3E8C00E8F486 /* UXRFourSquareLikesModel.m in Sources */,
				5186559E18CC3E8C00E8F486 /* UXRFourSquarePriceModel.m in Sources */,
				518655D618CC3F2400E8F486 /* CLLocation+Testing.m in Sources */,
				518655D218CC3F2400E8F486 /* UIStoryboard+storyboardWithUniversalName.m in Sources */,
				5186559218CC3E8C00E8F486 /* UXRFourSquareCategoryModel.m in Sources */,
				518655AA18CC3E8C00E8F486 /* UXRExploreQueryBaseModel.m in Sources */,
				518655E218CC3F3E00E8F486 /* RSOAuthEngine.m in Sources */,
				518655DA18CC3F2400E8F486 /* NSString+Location.m in Sources */,
				518655A418CC3E8C00E8F486 /* UXRFourSquareTimeFramesModel.m in Sources */,
				518655A018CC3E8C00E8F486 /* UXRFourSquareMenuModel.m in Sources */,
				518655D818CC3F2400E8F486 /* NSDictionary+PList.m in Sources */,
				5186558C18CC3E8C00E8F486 /* UXRFourSquareNetworkingEngine.m in Sources */,
				5186559018CC3E8C00E8F486 /* UXRFourSquareLocationModel.m in Sources */,
				518655AC18CC3E8C00E8F486 /* UXRFourSquareGeoCodeModel.m in Sources */,
				5186559418CC3E8C00E8F486 /* UXRFourSquarePhotoModel.m in Sources */,
				518655A618CC3E8C00E8F486 /* UXRFourSquareContactModel.m in Sources */,
				518655A218CC3E8C00E8F486 /* UXRFourSquareReservationsModel.m in Sources */,
				5186559618CC3E8C00E8F486 /* UXRFourSquareUserModel.m in Sources */,
				518655E718CC40B100E8F486 /* UXRBaseModel.m in Sources */,
				5186558A18CC3E8C00E8F486 /* UXRBaseNetworkingEngine.m in Sources */,
				518655EC18CC40C500E8F486 /* UXRJSONDeserializableObject.m in Sources */,
				518655B218CC3E8C00E8F486 /* UXRFourSquareAttributesModel.m in Sources */,
				5186554218CC3E4E00E8F486 /* UXRAppDelegate.m in Sources */,
				518655C118CC3EF200E8F486 /* UXRGlobals.m in Sources */,
				5186559C18CC3E8C00E8F486 /* UXRFourSquareStatsModel.m in Sources */,
				5186553E18CC3E4E00E8F486 /* main.m in Sources */,
				518655AE18CC3E8C00E8F486 /* UXRFourSquareExploreResultsModel.m in Sources */,
				5186558E18CC3E8C00E8F486 /* UXRFourSquareRestaurantModel.m in Sources */,
				518655F118CC433000E8F486 /* NSString+Utils.m in Sources */,
				5186559A18CC3E8C00E8F486 /* UXRFourSquareTipModel.m in Sources */,
				518655B018CC3E8C00E8F486 /* UXRFourSquareOpenTime.m in Sources */,
				518655DC18CC3F2400E8F486 /* UIApplication+Orientation.m in Sources */,
			);
			runOnlyForDeploymentPostprocessing = 0;
		};
		5186554518CC3E4E00E8F486 /* Sources */ = {
			isa = PBXSourcesBuildPhase;
			buildActionMask = 2147483647;
			files = (
				5186559318CC3E8C00E8F486 /* UXRFourSquareCategoryModel.m in Sources */,
				5186558D18CC3E8C00E8F486 /* UXRFourSquareNetworkingEngine.m in Sources */,
				5186559918CC3E8C00E8F486 /* UXRFourSquareHoursModel.m in Sources */,
				518655B318CC3E8C00E8F486 /* UXRFourSquareAttributesModel.m in Sources */,
				518655E818CC40B100E8F486 /* UXRBaseModel.m in Sources */,
				518655D718CC3F2400E8F486 /* CLLocation+Testing.m in Sources */,
				518655C218CC3EF200E8F486 /* UXRGlobals.m in Sources */,
				5186558B18CC3E8C00E8F486 /* UXRBaseNetworkingEngine.m in Sources */,
				5186555718CC3E4E00E8F486 /* FourSquareSDKTests.m in Sources */,
				518655B118CC3E8C00E8F486 /* UXRFourSquareOpenTime.m in Sources */,
				518655AD18CC3E8C00E8F486 /* UXRFourSquareGeoCodeModel.m in Sources */,
				518655ED18CC40C500E8F486 /* UXRJSONDeserializableObject.m in Sources */,
				518655A518CC3E8C00E8F486 /* UXRFourSquareTimeFramesModel.m in Sources */,
				5186559518CC3E8C00E8F486 /* UXRFourSquarePhotoModel.m in Sources */,
				518655BC18CC3ED700E8F486 /* UXRBaseEngineTests.m in Sources */,
				5186559B18CC3E8C00E8F486 /* UXRFourSquareTipModel.m in Sources */,
				518655DB18CC3F2400E8F486 /* NSString+Location.m in Sources */,
				5186559118CC3E8C00E8F486 /* UXRFourSquareLocationModel.m in Sources */,
				518655E318CC3F3E00E8F486 /* RSOAuthEngine.m in Sources */,
				5186559F18CC3E8C00E8F486 /* UXRFourSquarePriceModel.m in Sources */,
				518655D918CC3F2400E8F486 /* NSDictionary+PList.m in Sources */,
				518655A118CC3E8C00E8F486 /* UXRFourSquareMenuModel.m in Sources */,
				518655DD18CC3F2400E8F486 /* UIApplication+Orientation.m in Sources */,
				518655AB18CC3E8C00E8F486 /* UXRExploreQueryBaseModel.m in Sources */,
				518655A318CC3E8C00E8F486 /* UXRFourSquareReservationsModel.m in Sources */,
				5186559D18CC3E8C00E8F486 /* UXRFourSquareStatsModel.m in Sources */,
				518655AF18CC3E8C00E8F486 /* UXRFourSquareExploreResultsModel.m in Sources */,
				518655F218CC433000E8F486 /* NSString+Utils.m in Sources */,
				5186558F18CC3E8C00E8F486 /* UXRFourSquareRestaurantModel.m in Sources */,
				5186559718CC3E8C00E8F486 /* UXRFourSquareUserModel.m in Sources */,
				518655D318CC3F2400E8F486 /* UIStoryboard+storyboardWithUniversalName.m in Sources */,
				518655B918CC3ECC00E8F486 /* UXRFourSquareTests.m in Sources */,
				518655A718CC3E8C00E8F486 /* UXRFourSquareContactModel.m in Sources */,
				518655A918CC3E8C00E8F486 /* UXRFourSquareLikesModel.m in Sources */,
				518655D518CC3F2400E8F486 /* CLLocation+isEmpty.m in Sources */,
			);
			runOnlyForDeploymentPostprocessing = 0;
		};
/* End PBXSourcesBuildPhase section */

/* Begin PBXTargetDependency section */
		5186554F18CC3E4E00E8F486 /* PBXTargetDependency */ = {
			isa = PBXTargetDependency;
			target = 5186552D18CC3E4E00E8F486 /* FourSquareSDK */;
			targetProxy = 5186554E18CC3E4E00E8F486 /* PBXContainerItemProxy */;
		};
/* End PBXTargetDependency section */

/* Begin PBXVariantGroup section */
		5186553A18CC3E4E00E8F486 /* InfoPlist.strings */ = {
			isa = PBXVariantGroup;
			children = (
				5186553B18CC3E4E00E8F486 /* en */,
			);
			name = InfoPlist.strings;
			sourceTree = "<group>";
		};
		5186555318CC3E4E00E8F486 /* InfoPlist.strings */ = {
			isa = PBXVariantGroup;
			children = (
				5186555418CC3E4E00E8F486 /* en */,
			);
			name = InfoPlist.strings;
			sourceTree = "<group>";
		};
/* End PBXVariantGroup section */

/* Begin XCBuildConfiguration section */
		5186555818CC3E4E00E8F486 /* Debug */ = {
			isa = XCBuildConfiguration;
			buildSettings = {
				ALWAYS_SEARCH_USER_PATHS = NO;
				ARCHS = "$(ARCHS_STANDARD_INCLUDING_64_BIT)";
				CLANG_CXX_LANGUAGE_STANDARD = "gnu++0x";
				CLANG_CXX_LIBRARY = "libc++";
				CLANG_ENABLE_MODULES = YES;
				CLANG_ENABLE_OBJC_ARC = YES;
				CLANG_WARN_BOOL_CONVERSION = YES;
				CLANG_WARN_CONSTANT_CONVERSION = YES;
				CLANG_WARN_DIRECT_OBJC_ISA_USAGE = YES_ERROR;
				CLANG_WARN_EMPTY_BODY = YES;
				CLANG_WARN_ENUM_CONVERSION = YES;
				CLANG_WARN_INT_CONVERSION = YES;
				CLANG_WARN_OBJC_ROOT_CLASS = YES_ERROR;
				CLANG_WARN__DUPLICATE_METHOD_MATCH = YES;
				"CODE_SIGN_IDENTITY[sdk=iphoneos*]" = "iPhone Developer";
				COPY_PHASE_STRIP = NO;
				GCC_C_LANGUAGE_STANDARD = gnu99;
				GCC_DYNAMIC_NO_PIC = NO;
				GCC_OPTIMIZATION_LEVEL = 0;
				GCC_PREPROCESSOR_DEFINITIONS = (
					"DEBUG=1",
					"$(inherited)",
				);
				GCC_SYMBOLS_PRIVATE_EXTERN = NO;
				GCC_WARN_64_TO_32_BIT_CONVERSION = YES;
				GCC_WARN_ABOUT_RETURN_TYPE = YES_ERROR;
				GCC_WARN_UNDECLARED_SELECTOR = YES;
				GCC_WARN_UNINITIALIZED_AUTOS = YES;
				GCC_WARN_UNUSED_FUNCTION = YES;
				GCC_WARN_UNUSED_VARIABLE = YES;
				IPHONEOS_DEPLOYMENT_TARGET = 7.0;
				ONLY_ACTIVE_ARCH = YES;
				SDKROOT = iphoneos;
				TARGETED_DEVICE_FAMILY = "1,2";
			};
			name = Debug;
		};
		5186555918CC3E4E00E8F486 /* Release */ = {
			isa = XCBuildConfiguration;
			buildSettings = {
				ALWAYS_SEARCH_USER_PATHS = NO;
				ARCHS = "$(ARCHS_STANDARD_INCLUDING_64_BIT)";
				CLANG_CXX_LANGUAGE_STANDARD = "gnu++0x";
				CLANG_CXX_LIBRARY = "libc++";
				CLANG_ENABLE_MODULES = YES;
				CLANG_ENABLE_OBJC_ARC = YES;
				CLANG_WARN_BOOL_CONVERSION = YES;
				CLANG_WARN_CONSTANT_CONVERSION = YES;
				CLANG_WARN_DIRECT_OBJC_ISA_USAGE = YES_ERROR;
				CLANG_WARN_EMPTY_BODY = YES;
				CLANG_WARN_ENUM_CONVERSION = YES;
				CLANG_WARN_INT_CONVERSION = YES;
				CLANG_WARN_OBJC_ROOT_CLASS = YES_ERROR;
				CLANG_WARN__DUPLICATE_METHOD_MATCH = YES;
				"CODE_SIGN_IDENTITY[sdk=iphoneos*]" = "iPhone Developer";
				COPY_PHASE_STRIP = YES;
				ENABLE_NS_ASSERTIONS = NO;
				GCC_C_LANGUAGE_STANDARD = gnu99;
				GCC_WARN_64_TO_32_BIT_CONVERSION = YES;
				GCC_WARN_ABOUT_RETURN_TYPE = YES_ERROR;
				GCC_WARN_UNDECLARED_SELECTOR = YES;
				GCC_WARN_UNINITIALIZED_AUTOS = YES;
				GCC_WARN_UNUSED_FUNCTION = YES;
				GCC_WARN_UNUSED_VARIABLE = YES;
				IPHONEOS_DEPLOYMENT_TARGET = 7.0;
				SDKROOT = iphoneos;
				TARGETED_DEVICE_FAMILY = "1,2";
				VALIDATE_PRODUCT = YES;
			};
			name = Release;
		};
		5186555B18CC3E4E00E8F486 /* Debug */ = {
			isa = XCBuildConfiguration;
			baseConfigurationReference = 523B565C7D214617996226E3 /* Pods.xcconfig */;
			buildSettings = {
				ASSETCATALOG_COMPILER_APPICON_NAME = AppIcon;
				ASSETCATALOG_COMPILER_LAUNCHIMAGE_NAME = LaunchImage;
				FRAMEWORK_SEARCH_PATHS = (
					"$(inherited)",
					"$(DEVELOPER_FRAMEWORKS_DIR)",
				);
				GCC_PRECOMPILE_PREFIX_HEADER = YES;
				GCC_PREFIX_HEADER = "FourSquareSDK/FourSquareSDK-Prefix.pch";
				INFOPLIST_FILE = "FourSquareSDK/FourSquareSDK-Info.plist";
				PRODUCT_NAME = "$(TARGET_NAME)";
				WRAPPER_EXTENSION = app;
			};
			name = Debug;
		};
		5186555C18CC3E4E00E8F486 /* Release */ = {
			isa = XCBuildConfiguration;
			baseConfigurationReference = 523B565C7D214617996226E3 /* Pods.xcconfig */;
			buildSettings = {
				ASSETCATALOG_COMPILER_APPICON_NAME = AppIcon;
				ASSETCATALOG_COMPILER_LAUNCHIMAGE_NAME = LaunchImage;
				FRAMEWORK_SEARCH_PATHS = (
					"$(inherited)",
					"$(DEVELOPER_FRAMEWORKS_DIR)",
				);
				GCC_PRECOMPILE_PREFIX_HEADER = YES;
				GCC_PREFIX_HEADER = "FourSquareSDK/FourSquareSDK-Prefix.pch";
				INFOPLIST_FILE = "FourSquareSDK/FourSquareSDK-Info.plist";
				PRODUCT_NAME = "$(TARGET_NAME)";
				WRAPPER_EXTENSION = app;
			};
			name = Release;
		};
		5186555E18CC3E4E00E8F486 /* Debug */ = {
			isa = XCBuildConfiguration;
			buildSettings = {
				ARCHS = "$(ARCHS_STANDARD_INCLUDING_64_BIT)";
				BUNDLE_LOADER = "$(BUILT_PRODUCTS_DIR)/FourSquareSDK.app/FourSquareSDK";
				FRAMEWORK_SEARCH_PATHS = (
					"$(SDKROOT)/Developer/Library/Frameworks",
					"$(inherited)",
					"$(DEVELOPER_FRAMEWORKS_DIR)",
				);
				GCC_PRECOMPILE_PREFIX_HEADER = YES;
				GCC_PREFIX_HEADER = "FourSquareSDK/FourSquareSDK-Prefix.pch";
				GCC_PREPROCESSOR_DEFINITIONS = (
					"DEBUG=1",
					"$(inherited)",
				);
				INFOPLIST_FILE = "FourSquareSDKTests/FourSquareSDKTests-Info.plist";
				PRODUCT_NAME = "$(TARGET_NAME)";
				TEST_HOST = "$(BUNDLE_LOADER)";
				WRAPPER_EXTENSION = xctest;
			};
			name = Debug;
		};
		5186555F18CC3E4E00E8F486 /* Release */ = {
			isa = XCBuildConfiguration;
			buildSettings = {
				ARCHS = "$(ARCHS_STANDARD_INCLUDING_64_BIT)";
				BUNDLE_LOADER = "$(BUILT_PRODUCTS_DIR)/FourSquareSDK.app/FourSquareSDK";
				FRAMEWORK_SEARCH_PATHS = (
					"$(SDKROOT)/Developer/Library/Frameworks",
					"$(inherited)",
					"$(DEVELOPER_FRAMEWORKS_DIR)",
				);
				GCC_PRECOMPILE_PREFIX_HEADER = YES;
				GCC_PREFIX_HEADER = "FourSquareSDK/FourSquareSDK-Prefix.pch";
				INFOPLIST_FILE = "FourSquareSDKTests/FourSquareSDKTests-Info.plist";
				PRODUCT_NAME = "$(TARGET_NAME)";
				TEST_HOST = "$(BUNDLE_LOADER)";
				WRAPPER_EXTENSION = xctest;
			};
			name = Release;
		};
/* End XCBuildConfiguration section */

/* Begin XCConfigurationList section */
		5186552918CC3E4E00E8F486 /* Build configuration list for PBXProject "FourSquareSDK" */ = {
			isa = XCConfigurationList;
			buildConfigurations = (
				5186555818CC3E4E00E8F486 /* Debug */,
				5186555918CC3E4E00E8F486 /* Release */,
			);
			defaultConfigurationIsVisible = 0;
			defaultConfigurationName = Release;
		};
		5186555A18CC3E4E00E8F486 /* Build configuration list for PBXNativeTarget "FourSquareSDK" */ = {
			isa = XCConfigurationList;
			buildConfigurations = (
				5186555B18CC3E4E00E8F486 /* Debug */,
				5186555C18CC3E4E00E8F486 /* Release */,
			);
			defaultConfigurationIsVisible = 0;
			defaultConfigurationName = Release;
		};
		5186555D18CC3E4E00E8F486 /* Build configuration list for PBXNativeTarget "FourSquareSDKTests" */ = {
			isa = XCConfigurationList;
			buildConfigurations = (
				5186555E18CC3E4E00E8F486 /* Debug */,
				5186555F18CC3E4E00E8F486 /* Release */,
			);
			defaultConfigurationIsVisible = 0;
			defaultConfigurationName = Release;
		};
/* End XCConfigurationList section */
	};
	rootObject = 5186552618CC3E4E00E8F486 /* Project object */;
}
