<?xml version="1.0" encoding="UTF-8"?>
<!DOCTYPE plist PUBLIC "-//Apple//DTD PLIST 1.0//EN" "http://www.apple.com/DTDs/PropertyList-1.0.dtd">
<plist version="1.0">
<dict>
	<key>archiveVersion</key>
	<string>1</string>
	<key>classes</key>
	<dict/>
	<key>objectVersion</key>
	<string>46</string>
	<key>objects</key>
	<dict>
		<key>0DD0770512F6498C82ABABC1</key>
		<dict>
			<key>buildActionMask</key>
			<string>2147483647</string>
			<key>files</key>
			<array/>
			<key>inputPaths</key>
			<array/>
			<key>isa</key>
			<string>PBXShellScriptBuildPhase</string>
			<key>name</key>
			<string>Check Pods Manifest.lock</string>
			<key>outputPaths</key>
			<array/>
			<key>runOnlyForDeploymentPostprocessing</key>
			<string>0</string>
			<key>shellPath</key>
			<string>/bin/sh</string>
			<key>shellScript</key>
			<string>diff "${PODS_ROOT}/../Podfile.lock" "${PODS_ROOT}/Manifest.lock" &gt; /dev/null
if [[ $? != 0 ]] ; then
    cat &lt;&lt; EOM
error: The sandbox is not in sync with the Podfile.lock. Run 'pod install' or update your CocoaPods installation.
EOM
    exit 1
fi
</string>
			<key>showEnvVarsInLog</key>
			<string>0</string>
		</dict>
		<key>22EF7232553A4E77A441D515</key>
		<dict>
			<key>explicitFileType</key>
			<string>archive.ar</string>
			<key>includeInIndex</key>
			<string>0</string>
			<key>isa</key>
			<string>PBXFileReference</string>
			<key>path</key>
			<string>libPods-FourSquareKit.a</string>
			<key>sourceTree</key>
			<string>BUILT_PRODUCTS_DIR</string>
		</dict>
		<key>5171475918CD7C1000BBA5C8</key>
		<dict>
			<key>children</key>
			<array>
				<string>5171475A18CD7C1000BBA5C8</string>
				<string>5171475B18CD7C1000BBA5C8</string>
				<string>5171475C18CD7C1000BBA5C8</string>
				<string>5171475D18CD7C1000BBA5C8</string>
				<string>5171475E18CD7C1000BBA5C8</string>
				<string>5171475F18CD7C1000BBA5C8</string>
				<string>5171476018CD7C1000BBA5C8</string>
				<string>5171476118CD7C1000BBA5C8</string>
				<string>5171476218CD7C1000BBA5C8</string>
				<string>5171476318CD7C1000BBA5C8</string>
			</array>
			<key>isa</key>
			<string>PBXGroup</string>
			<key>path</key>
			<string>categories</string>
			<key>sourceTree</key>
			<string>&lt;group&gt;</string>
		</dict>
		<key>5171475A18CD7C1000BBA5C8</key>
		<dict>
			<key>fileEncoding</key>
			<string>4</string>
			<key>isa</key>
			<string>PBXFileReference</string>
			<key>lastKnownFileType</key>
			<string>sourcecode.c.h</string>
			<key>path</key>
			<string>CLLocation+isEmpty.h</string>
			<key>sourceTree</key>
			<string>&lt;group&gt;</string>
		</dict>
		<key>5171475B18CD7C1000BBA5C8</key>
		<dict>
			<key>fileEncoding</key>
			<string>4</string>
			<key>isa</key>
			<string>PBXFileReference</string>
			<key>lastKnownFileType</key>
			<string>sourcecode.c.objc</string>
			<key>path</key>
			<string>CLLocation+isEmpty.m</string>
			<key>sourceTree</key>
			<string>&lt;group&gt;</string>
		</dict>
		<key>5171475C18CD7C1000BBA5C8</key>
		<dict>
			<key>fileEncoding</key>
			<string>4</string>
			<key>isa</key>
			<string>PBXFileReference</string>
			<key>lastKnownFileType</key>
			<string>sourcecode.c.h</string>
			<key>path</key>
			<string>CLLocation+Testing.h</string>
			<key>sourceTree</key>
			<string>&lt;group&gt;</string>
		</dict>
		<key>5171475D18CD7C1000BBA5C8</key>
		<dict>
			<key>fileEncoding</key>
			<string>4</string>
			<key>isa</key>
			<string>PBXFileReference</string>
			<key>lastKnownFileType</key>
			<string>sourcecode.c.objc</string>
			<key>path</key>
			<string>CLLocation+Testing.m</string>
			<key>sourceTree</key>
			<string>&lt;group&gt;</string>
		</dict>
		<key>5171475E18CD7C1000BBA5C8</key>
		<dict>
			<key>fileEncoding</key>
			<string>4</string>
			<key>isa</key>
			<string>PBXFileReference</string>
			<key>lastKnownFileType</key>
			<string>sourcecode.c.h</string>
			<key>path</key>
			<string>NSDictionary+PList.h</string>
			<key>sourceTree</key>
			<string>&lt;group&gt;</string>
		</dict>
		<key>5171475F18CD7C1000BBA5C8</key>
		<dict>
			<key>fileEncoding</key>
			<string>4</string>
			<key>isa</key>
			<string>PBXFileReference</string>
			<key>lastKnownFileType</key>
			<string>sourcecode.c.objc</string>
			<key>path</key>
			<string>NSDictionary+PList.m</string>
			<key>sourceTree</key>
			<string>&lt;group&gt;</string>
		</dict>
		<key>5171476018CD7C1000BBA5C8</key>
		<dict>
			<key>fileEncoding</key>
			<string>4</string>
			<key>isa</key>
			<string>PBXFileReference</string>
			<key>lastKnownFileType</key>
			<string>sourcecode.c.h</string>
			<key>path</key>
			<string>NSString+Location.h</string>
			<key>sourceTree</key>
			<string>&lt;group&gt;</string>
		</dict>
		<key>5171476118CD7C1000BBA5C8</key>
		<dict>
			<key>fileEncoding</key>
			<string>4</string>
			<key>isa</key>
			<string>PBXFileReference</string>
			<key>lastKnownFileType</key>
			<string>sourcecode.c.objc</string>
			<key>path</key>
			<string>NSString+Location.m</string>
			<key>sourceTree</key>
			<string>&lt;group&gt;</string>
		</dict>
		<key>5171476218CD7C1000BBA5C8</key>
		<dict>
			<key>fileEncoding</key>
			<string>4</string>
			<key>isa</key>
			<string>PBXFileReference</string>
			<key>lastKnownFileType</key>
			<string>sourcecode.c.h</string>
			<key>path</key>
			<string>NSString+Utils.h</string>
			<key>sourceTree</key>
			<string>&lt;group&gt;</string>
		</dict>
		<key>5171476318CD7C1000BBA5C8</key>
		<dict>
			<key>fileEncoding</key>
			<string>4</string>
			<key>isa</key>
			<string>PBXFileReference</string>
			<key>lastKnownFileType</key>
			<string>sourcecode.c.objc</string>
			<key>path</key>
			<string>NSString+Utils.m</string>
			<key>sourceTree</key>
			<string>&lt;group&gt;</string>
		</dict>
		<key>5171476418CD7C1000BBA5C8</key>
		<dict>
			<key>children</key>
			<array>
				<string>5171476518CD7C1000BBA5C8</string>
				<string>5171476618CD7C1000BBA5C8</string>
				<string>5171476718CD7C1000BBA5C8</string>
				<string>5171476818CD7C1000BBA5C8</string>
				<string>5171476918CD7C1000BBA5C8</string>
				<string>5171476A18CD7C1000BBA5C8</string>
				<string>5171476B18CD7C1000BBA5C8</string>
				<string>5171476C18CD7C1000BBA5C8</string>
				<string>5171476D18CD7C1000BBA5C8</string>
				<string>5171476E18CD7C1000BBA5C8</string>
				<string>5171476F18CD7C1000BBA5C8</string>
				<string>5171477018CD7C1000BBA5C8</string>
				<string>5171477118CD7C1000BBA5C8</string>
				<string>5171477218CD7C1000BBA5C8</string>
				<string>5171477318CD7C1000BBA5C8</string>
				<string>5171477418CD7C1000BBA5C8</string>
				<string>5171477518CD7C1000BBA5C8</string>
				<string>5171477618CD7C1000BBA5C8</string>
				<string>5171477718CD7C1000BBA5C8</string>
				<string>5171477818CD7C1000BBA5C8</string>
				<string>5171477918CD7C1000BBA5C8</string>
				<string>5171477A18CD7C1000BBA5C8</string>
				<string>5171477B18CD7C1000BBA5C8</string>
				<string>5171477C18CD7C1000BBA5C8</string>
				<string>5171477D18CD7C1000BBA5C8</string>
				<string>5171477E18CD7C1000BBA5C8</string>
				<string>5171477F18CD7C1000BBA5C8</string>
				<string>5171478018CD7C1000BBA5C8</string>
				<string>5171478118CD7C1000BBA5C8</string>
				<string>5171478218CD7C1000BBA5C8</string>
				<string>5171478318CD7C1000BBA5C8</string>
				<string>5171478418CD7C1000BBA5C8</string>
				<string>5171478518CD7C1000BBA5C8</string>
				<string>5171478618CD7C1000BBA5C8</string>
				<string>5171478718CD7C1000BBA5C8</string>
				<string>5171478818CD7C1000BBA5C8</string>
				<string>5171478918CD7C1000BBA5C8</string>
				<string>5171478A18CD7C1000BBA5C8</string>
				<string>5171478B18CD7C1000BBA5C8</string>
				<string>5171478C18CD7C1000BBA5C8</string>
				<string>5171478D18CD7C1000BBA5C8</string>
				<string>5171478E18CD7C1000BBA5C8</string>
				<string>5171478F18CD7C1000BBA5C8</string>
			</array>
			<key>isa</key>
			<string>PBXGroup</string>
			<key>path</key>
			<string>models</string>
			<key>sourceTree</key>
			<string>&lt;group&gt;</string>
		</dict>
		<key>5171476518CD7C1000BBA5C8</key>
		<dict>
			<key>fileEncoding</key>
			<string>4</string>
			<key>isa</key>
			<string>PBXFileReference</string>
			<key>lastKnownFileType</key>
			<string>sourcecode.c.h</string>
			<key>path</key>
			<string>UXRBaseModel.h</string>
			<key>sourceTree</key>
			<string>&lt;group&gt;</string>
		</dict>
		<key>5171476618CD7C1000BBA5C8</key>
		<dict>
			<key>fileEncoding</key>
			<string>4</string>
			<key>isa</key>
			<string>PBXFileReference</string>
			<key>lastKnownFileType</key>
			<string>sourcecode.c.objc</string>
			<key>path</key>
			<string>UXRBaseModel.m</string>
			<key>sourceTree</key>
			<string>&lt;group&gt;</string>
		</dict>
		<key>5171476718CD7C1000BBA5C8</key>
		<dict>
			<key>fileEncoding</key>
			<string>4</string>
			<key>isa</key>
			<string>PBXFileReference</string>
			<key>lastKnownFileType</key>
			<string>sourcecode.c.h</string>
			<key>path</key>
			<string>UXRExploreQueryBaseModel.h</string>
			<key>sourceTree</key>
			<string>&lt;group&gt;</string>
		</dict>
		<key>5171476818CD7C1000BBA5C8</key>
		<dict>
			<key>fileEncoding</key>
			<string>4</string>
			<key>isa</key>
			<string>PBXFileReference</string>
			<key>lastKnownFileType</key>
			<string>sourcecode.c.objc</string>
			<key>path</key>
			<string>UXRExploreQueryBaseModel.m</string>
			<key>sourceTree</key>
			<string>&lt;group&gt;</string>
		</dict>
		<key>5171476918CD7C1000BBA5C8</key>
		<dict>
			<key>fileEncoding</key>
			<string>4</string>
			<key>isa</key>
			<string>PBXFileReference</string>
			<key>lastKnownFileType</key>
			<string>sourcecode.c.h</string>
			<key>path</key>
			<string>UXRFourSquareAttributesModel.h</string>
			<key>sourceTree</key>
			<string>&lt;group&gt;</string>
		</dict>
		<key>5171476A18CD7C1000BBA5C8</key>
		<dict>
			<key>fileEncoding</key>
			<string>4</string>
			<key>isa</key>
			<string>PBXFileReference</string>
			<key>lastKnownFileType</key>
			<string>sourcecode.c.objc</string>
			<key>path</key>
			<string>UXRFourSquareAttributesModel.m</string>
			<key>sourceTree</key>
			<string>&lt;group&gt;</string>
		</dict>
		<key>5171476B18CD7C1000BBA5C8</key>
		<dict>
			<key>fileEncoding</key>
			<string>4</string>
			<key>isa</key>
			<string>PBXFileReference</string>
			<key>lastKnownFileType</key>
			<string>sourcecode.c.h</string>
			<key>path</key>
			<string>UXRFourSquareCategoryModel.h</string>
			<key>sourceTree</key>
			<string>&lt;group&gt;</string>
		</dict>
		<key>5171476C18CD7C1000BBA5C8</key>
		<dict>
			<key>fileEncoding</key>
			<string>4</string>
			<key>isa</key>
			<string>PBXFileReference</string>
			<key>lastKnownFileType</key>
			<string>sourcecode.c.objc</string>
			<key>path</key>
			<string>UXRFourSquareCategoryModel.m</string>
			<key>sourceTree</key>
			<string>&lt;group&gt;</string>
		</dict>
		<key>5171476D18CD7C1000BBA5C8</key>
		<dict>
			<key>fileEncoding</key>
			<string>4</string>
			<key>isa</key>
			<string>PBXFileReference</string>
			<key>lastKnownFileType</key>
			<string>sourcecode.c.h</string>
			<key>path</key>
			<string>UXRFourSquareContactModel.h</string>
			<key>sourceTree</key>
			<string>&lt;group&gt;</string>
		</dict>
		<key>5171476E18CD7C1000BBA5C8</key>
		<dict>
			<key>fileEncoding</key>
			<string>4</string>
			<key>isa</key>
			<string>PBXFileReference</string>
			<key>lastKnownFileType</key>
			<string>sourcecode.c.objc</string>
			<key>path</key>
			<string>UXRFourSquareContactModel.m</string>
			<key>sourceTree</key>
			<string>&lt;group&gt;</string>
		</dict>
		<key>5171476F18CD7C1000BBA5C8</key>
		<dict>
			<key>fileEncoding</key>
			<string>4</string>
			<key>isa</key>
			<string>PBXFileReference</string>
			<key>lastKnownFileType</key>
			<string>sourcecode.c.h</string>
			<key>path</key>
			<string>UXRFourSquareExploreResultsModel.h</string>
			<key>sourceTree</key>
			<string>&lt;group&gt;</string>
		</dict>
		<key>5171477018CD7C1000BBA5C8</key>
		<dict>
			<key>fileEncoding</key>
			<string>4</string>
			<key>isa</key>
			<string>PBXFileReference</string>
			<key>lastKnownFileType</key>
			<string>sourcecode.c.objc</string>
			<key>path</key>
			<string>UXRFourSquareExploreResultsModel.m</string>
			<key>sourceTree</key>
			<string>&lt;group&gt;</string>
		</dict>
		<key>5171477118CD7C1000BBA5C8</key>
		<dict>
			<key>fileEncoding</key>
			<string>4</string>
			<key>isa</key>
			<string>PBXFileReference</string>
			<key>lastKnownFileType</key>
			<string>sourcecode.c.h</string>
			<key>path</key>
			<string>UXRFourSquareGeoCodeModel.h</string>
			<key>sourceTree</key>
			<string>&lt;group&gt;</string>
		</dict>
		<key>5171477218CD7C1000BBA5C8</key>
		<dict>
			<key>fileEncoding</key>
			<string>4</string>
			<key>isa</key>
			<string>PBXFileReference</string>
			<key>lastKnownFileType</key>
			<string>sourcecode.c.objc</string>
			<key>path</key>
			<string>UXRFourSquareGeoCodeModel.m</string>
			<key>sourceTree</key>
			<string>&lt;group&gt;</string>
		</dict>
		<key>5171477318CD7C1000BBA5C8</key>
		<dict>
			<key>fileEncoding</key>
			<string>4</string>
			<key>isa</key>
			<string>PBXFileReference</string>
			<key>lastKnownFileType</key>
			<string>sourcecode.c.h</string>
			<key>path</key>
			<string>UXRFourSquareHoursModel.h</string>
			<key>sourceTree</key>
			<string>&lt;group&gt;</string>
		</dict>
		<key>5171477418CD7C1000BBA5C8</key>
		<dict>
			<key>fileEncoding</key>
			<string>4</string>
			<key>isa</key>
			<string>PBXFileReference</string>
			<key>lastKnownFileType</key>
			<string>sourcecode.c.objc</string>
			<key>path</key>
			<string>UXRFourSquareHoursModel.m</string>
			<key>sourceTree</key>
			<string>&lt;group&gt;</string>
		</dict>
		<key>5171477518CD7C1000BBA5C8</key>
		<dict>
			<key>fileEncoding</key>
			<string>4</string>
			<key>isa</key>
			<string>PBXFileReference</string>
			<key>lastKnownFileType</key>
			<string>sourcecode.c.h</string>
			<key>path</key>
			<string>UXRFourSquareLikesModel.h</string>
			<key>sourceTree</key>
			<string>&lt;group&gt;</string>
		</dict>
		<key>5171477618CD7C1000BBA5C8</key>
		<dict>
			<key>fileEncoding</key>
			<string>4</string>
			<key>isa</key>
			<string>PBXFileReference</string>
			<key>lastKnownFileType</key>
			<string>sourcecode.c.objc</string>
			<key>path</key>
			<string>UXRFourSquareLikesModel.m</string>
			<key>sourceTree</key>
			<string>&lt;group&gt;</string>
		</dict>
		<key>5171477718CD7C1000BBA5C8</key>
		<dict>
			<key>fileEncoding</key>
			<string>4</string>
			<key>isa</key>
			<string>PBXFileReference</string>
			<key>lastKnownFileType</key>
			<string>sourcecode.c.h</string>
			<key>path</key>
			<string>UXRFourSquareLocationModel.h</string>
			<key>sourceTree</key>
			<string>&lt;group&gt;</string>
		</dict>
		<key>5171477818CD7C1000BBA5C8</key>
		<dict>
			<key>fileEncoding</key>
			<string>4</string>
			<key>isa</key>
			<string>PBXFileReference</string>
			<key>lastKnownFileType</key>
			<string>sourcecode.c.objc</string>
			<key>path</key>
			<string>UXRFourSquareLocationModel.m</string>
			<key>sourceTree</key>
			<string>&lt;group&gt;</string>
		</dict>
		<key>5171477918CD7C1000BBA5C8</key>
		<dict>
			<key>fileEncoding</key>
			<string>4</string>
			<key>isa</key>
			<string>PBXFileReference</string>
			<key>lastKnownFileType</key>
			<string>sourcecode.c.h</string>
			<key>path</key>
			<string>UXRFourSquareMenuModel.h</string>
			<key>sourceTree</key>
			<string>&lt;group&gt;</string>
		</dict>
		<key>5171477A18CD7C1000BBA5C8</key>
		<dict>
			<key>fileEncoding</key>
			<string>4</string>
			<key>isa</key>
			<string>PBXFileReference</string>
			<key>lastKnownFileType</key>
			<string>sourcecode.c.objc</string>
			<key>path</key>
			<string>UXRFourSquareMenuModel.m</string>
			<key>sourceTree</key>
			<string>&lt;group&gt;</string>
		</dict>
		<key>5171477B18CD7C1000BBA5C8</key>
		<dict>
			<key>fileEncoding</key>
			<string>4</string>
			<key>isa</key>
			<string>PBXFileReference</string>
			<key>lastKnownFileType</key>
			<string>sourcecode.c.h</string>
			<key>path</key>
			<string>UXRFourSquareOpenTime.h</string>
			<key>sourceTree</key>
			<string>&lt;group&gt;</string>
		</dict>
		<key>5171477C18CD7C1000BBA5C8</key>
		<dict>
			<key>fileEncoding</key>
			<string>4</string>
			<key>isa</key>
			<string>PBXFileReference</string>
			<key>lastKnownFileType</key>
			<string>sourcecode.c.objc</string>
			<key>path</key>
			<string>UXRFourSquareOpenTime.m</string>
			<key>sourceTree</key>
			<string>&lt;group&gt;</string>
		</dict>
		<key>5171477D18CD7C1000BBA5C8</key>
		<dict>
			<key>fileEncoding</key>
			<string>4</string>
			<key>isa</key>
			<string>PBXFileReference</string>
			<key>lastKnownFileType</key>
			<string>sourcecode.c.h</string>
			<key>path</key>
			<string>UXRFourSquarePhotoModel.h</string>
			<key>sourceTree</key>
			<string>&lt;group&gt;</string>
		</dict>
		<key>5171477E18CD7C1000BBA5C8</key>
		<dict>
			<key>fileEncoding</key>
			<string>4</string>
			<key>isa</key>
			<string>PBXFileReference</string>
			<key>lastKnownFileType</key>
			<string>sourcecode.c.objc</string>
			<key>path</key>
			<string>UXRFourSquarePhotoModel.m</string>
			<key>sourceTree</key>
			<string>&lt;group&gt;</string>
		</dict>
		<key>5171477F18CD7C1000BBA5C8</key>
		<dict>
			<key>fileEncoding</key>
			<string>4</string>
			<key>isa</key>
			<string>PBXFileReference</string>
			<key>lastKnownFileType</key>
			<string>sourcecode.c.h</string>
			<key>path</key>
			<string>UXRFourSquarePriceModel.h</string>
			<key>sourceTree</key>
			<string>&lt;group&gt;</string>
		</dict>
		<key>5171478018CD7C1000BBA5C8</key>
		<dict>
			<key>fileEncoding</key>
			<string>4</string>
			<key>isa</key>
			<string>PBXFileReference</string>
			<key>lastKnownFileType</key>
			<string>sourcecode.c.objc</string>
			<key>path</key>
			<string>UXRFourSquarePriceModel.m</string>
			<key>sourceTree</key>
			<string>&lt;group&gt;</string>
		</dict>
		<key>5171478118CD7C1000BBA5C8</key>
		<dict>
			<key>fileEncoding</key>
			<string>4</string>
			<key>isa</key>
			<string>PBXFileReference</string>
			<key>lastKnownFileType</key>
			<string>sourcecode.c.h</string>
			<key>path</key>
			<string>UXRFourSquareReservationsModel.h</string>
			<key>sourceTree</key>
			<string>&lt;group&gt;</string>
		</dict>
		<key>5171478218CD7C1000BBA5C8</key>
		<dict>
			<key>fileEncoding</key>
			<string>4</string>
			<key>isa</key>
			<string>PBXFileReference</string>
			<key>lastKnownFileType</key>
			<string>sourcecode.c.objc</string>
			<key>path</key>
			<string>UXRFourSquareReservationsModel.m</string>
			<key>sourceTree</key>
			<string>&lt;group&gt;</string>
		</dict>
		<key>5171478318CD7C1000BBA5C8</key>
		<dict>
			<key>fileEncoding</key>
			<string>4</string>
			<key>isa</key>
			<string>PBXFileReference</string>
			<key>lastKnownFileType</key>
			<string>sourcecode.c.h</string>
			<key>path</key>
			<string>UXRFourSquareRestaurantModel.h</string>
			<key>sourceTree</key>
			<string>&lt;group&gt;</string>
		</dict>
		<key>5171478418CD7C1000BBA5C8</key>
		<dict>
			<key>fileEncoding</key>
			<string>4</string>
			<key>isa</key>
			<string>PBXFileReference</string>
			<key>lastKnownFileType</key>
			<string>sourcecode.c.objc</string>
			<key>path</key>
			<string>UXRFourSquareRestaurantModel.m</string>
			<key>sourceTree</key>
			<string>&lt;group&gt;</string>
		</dict>
		<key>5171478518CD7C1000BBA5C8</key>
		<dict>
			<key>fileEncoding</key>
			<string>4</string>
			<key>isa</key>
			<string>PBXFileReference</string>
			<key>lastKnownFileType</key>
			<string>sourcecode.c.h</string>
			<key>path</key>
			<string>UXRFourSquareStatsModel.h</string>
			<key>sourceTree</key>
			<string>&lt;group&gt;</string>
		</dict>
		<key>5171478618CD7C1000BBA5C8</key>
		<dict>
			<key>fileEncoding</key>
			<string>4</string>
			<key>isa</key>
			<string>PBXFileReference</string>
			<key>lastKnownFileType</key>
			<string>sourcecode.c.objc</string>
			<key>path</key>
			<string>UXRFourSquareStatsModel.m</string>
			<key>sourceTree</key>
			<string>&lt;group&gt;</string>
		</dict>
		<key>5171478718CD7C1000BBA5C8</key>
		<dict>
			<key>fileEncoding</key>
			<string>4</string>
			<key>isa</key>
			<string>PBXFileReference</string>
			<key>lastKnownFileType</key>
			<string>sourcecode.c.h</string>
			<key>path</key>
			<string>UXRFourSquareTimeFramesModel.h</string>
			<key>sourceTree</key>
			<string>&lt;group&gt;</string>
		</dict>
		<key>5171478818CD7C1000BBA5C8</key>
		<dict>
			<key>fileEncoding</key>
			<string>4</string>
			<key>isa</key>
			<string>PBXFileReference</string>
			<key>lastKnownFileType</key>
			<string>sourcecode.c.objc</string>
			<key>path</key>
			<string>UXRFourSquareTimeFramesModel.m</string>
			<key>sourceTree</key>
			<string>&lt;group&gt;</string>
		</dict>
		<key>5171478918CD7C1000BBA5C8</key>
		<dict>
			<key>fileEncoding</key>
			<string>4</string>
			<key>isa</key>
			<string>PBXFileReference</string>
			<key>lastKnownFileType</key>
			<string>sourcecode.c.h</string>
			<key>path</key>
			<string>UXRFourSquareTipModel.h</string>
			<key>sourceTree</key>
			<string>&lt;group&gt;</string>
		</dict>
		<key>5171478A18CD7C1000BBA5C8</key>
		<dict>
			<key>fileEncoding</key>
			<string>4</string>
			<key>isa</key>
			<string>PBXFileReference</string>
			<key>lastKnownFileType</key>
			<string>sourcecode.c.objc</string>
			<key>path</key>
			<string>UXRFourSquareTipModel.m</string>
			<key>sourceTree</key>
			<string>&lt;group&gt;</string>
		</dict>
		<key>5171478B18CD7C1000BBA5C8</key>
		<dict>
			<key>fileEncoding</key>
			<string>4</string>
			<key>isa</key>
			<string>PBXFileReference</string>
			<key>lastKnownFileType</key>
			<string>sourcecode.c.h</string>
			<key>path</key>
			<string>UXRFourSquareUserModel.h</string>
			<key>sourceTree</key>
			<string>&lt;group&gt;</string>
		</dict>
		<key>5171478C18CD7C1000BBA5C8</key>
		<dict>
			<key>fileEncoding</key>
			<string>4</string>
			<key>isa</key>
			<string>PBXFileReference</string>
			<key>lastKnownFileType</key>
			<string>sourcecode.c.objc</string>
			<key>path</key>
			<string>UXRFourSquareUserModel.m</string>
			<key>sourceTree</key>
			<string>&lt;group&gt;</string>
		</dict>
		<key>5171478D18CD7C1000BBA5C8</key>
		<dict>
			<key>fileEncoding</key>
			<string>4</string>
			<key>isa</key>
			<string>PBXFileReference</string>
			<key>lastKnownFileType</key>
			<string>sourcecode.c.h</string>
			<key>path</key>
			<string>UXRJSONDeserializableObject.h</string>
			<key>sourceTree</key>
			<string>&lt;group&gt;</string>
		</dict>
		<key>5171478E18CD7C1000BBA5C8</key>
		<dict>
			<key>fileEncoding</key>
			<string>4</string>
			<key>isa</key>
			<string>PBXFileReference</string>
			<key>lastKnownFileType</key>
			<string>sourcecode.c.objc</string>
			<key>path</key>
			<string>UXRJSONDeserializableObject.m</string>
			<key>sourceTree</key>
			<string>&lt;group&gt;</string>
		</dict>
		<key>5171478F18CD7C1000BBA5C8</key>
		<dict>
			<key>fileEncoding</key>
			<string>4</string>
			<key>isa</key>
			<string>PBXFileReference</string>
			<key>lastKnownFileType</key>
			<string>sourcecode.c.h</string>
			<key>path</key>
			<string>UXRJSONSerializableObject.h</string>
			<key>sourceTree</key>
			<string>&lt;group&gt;</string>
		</dict>
		<key>5171479018CD7C1000BBA5C8</key>
		<dict>
			<key>children</key>
			<array>
				<string>5171479118CD7C1000BBA5C8</string>
				<string>5171479218CD7C1000BBA5C8</string>
			</array>
			<key>isa</key>
			<string>PBXGroup</string>
			<key>path</key>
			<string>networking</string>
			<key>sourceTree</key>
			<string>&lt;group&gt;</string>
		</dict>
		<key>5171479118CD7C1000BBA5C8</key>
		<dict>
			<key>fileEncoding</key>
			<string>4</string>
			<key>isa</key>
			<string>PBXFileReference</string>
			<key>lastKnownFileType</key>
			<string>sourcecode.c.h</string>
			<key>path</key>
			<string>UXRFourSquareNetworkingEngine.h</string>
			<key>sourceTree</key>
			<string>&lt;group&gt;</string>
		</dict>
		<key>5171479218CD7C1000BBA5C8</key>
		<dict>
			<key>fileEncoding</key>
			<string>4</string>
			<key>isa</key>
			<string>PBXFileReference</string>
			<key>lastKnownFileType</key>
			<string>sourcecode.c.objc</string>
			<key>path</key>
			<string>UXRFourSquareNetworkingEngine.m</string>
			<key>sourceTree</key>
			<string>&lt;group&gt;</string>
		</dict>
		<key>5171479318CD7C1000BBA5C8</key>
		<dict>
			<key>fileRef</key>
			<string>5171475B18CD7C1000BBA5C8</string>
			<key>isa</key>
			<string>PBXBuildFile</string>
		</dict>
		<key>5171479418CD7C1000BBA5C8</key>
		<dict>
			<key>fileRef</key>
			<string>5171475B18CD7C1000BBA5C8</string>
			<key>isa</key>
			<string>PBXBuildFile</string>
		</dict>
		<key>5171479518CD7C1000BBA5C8</key>
		<dict>
			<key>fileRef</key>
			<string>5171475D18CD7C1000BBA5C8</string>
			<key>isa</key>
			<string>PBXBuildFile</string>
		</dict>
		<key>5171479618CD7C1000BBA5C8</key>
		<dict>
			<key>fileRef</key>
			<string>5171475D18CD7C1000BBA5C8</string>
			<key>isa</key>
			<string>PBXBuildFile</string>
		</dict>
		<key>5171479718CD7C1000BBA5C8</key>
		<dict>
			<key>fileRef</key>
			<string>5171475F18CD7C1000BBA5C8</string>
			<key>isa</key>
			<string>PBXBuildFile</string>
		</dict>
		<key>5171479818CD7C1000BBA5C8</key>
		<dict>
			<key>fileRef</key>
			<string>5171475F18CD7C1000BBA5C8</string>
			<key>isa</key>
			<string>PBXBuildFile</string>
		</dict>
		<key>5171479918CD7C1000BBA5C8</key>
		<dict>
			<key>fileRef</key>
			<string>5171476118CD7C1000BBA5C8</string>
			<key>isa</key>
			<string>PBXBuildFile</string>
		</dict>
		<key>5171479A18CD7C1000BBA5C8</key>
		<dict>
			<key>fileRef</key>
			<string>5171476118CD7C1000BBA5C8</string>
			<key>isa</key>
			<string>PBXBuildFile</string>
		</dict>
		<key>5171479B18CD7C1000BBA5C8</key>
		<dict>
			<key>fileRef</key>
			<string>5171476318CD7C1000BBA5C8</string>
			<key>isa</key>
			<string>PBXBuildFile</string>
		</dict>
		<key>5171479C18CD7C1000BBA5C8</key>
		<dict>
			<key>fileRef</key>
			<string>5171476318CD7C1000BBA5C8</string>
			<key>isa</key>
			<string>PBXBuildFile</string>
		</dict>
		<key>5171479D18CD7C1000BBA5C8</key>
		<dict>
			<key>fileRef</key>
			<string>5171476618CD7C1000BBA5C8</string>
			<key>isa</key>
			<string>PBXBuildFile</string>
		</dict>
		<key>5171479E18CD7C1000BBA5C8</key>
		<dict>
			<key>fileRef</key>
			<string>5171476618CD7C1000BBA5C8</string>
			<key>isa</key>
			<string>PBXBuildFile</string>
		</dict>
		<key>5171479F18CD7C1000BBA5C8</key>
		<dict>
			<key>fileRef</key>
			<string>5171476818CD7C1000BBA5C8</string>
			<key>isa</key>
			<string>PBXBuildFile</string>
		</dict>
		<key>517147A018CD7C1000BBA5C8</key>
		<dict>
			<key>fileRef</key>
			<string>5171476818CD7C1000BBA5C8</string>
			<key>isa</key>
			<string>PBXBuildFile</string>
		</dict>
		<key>517147A118CD7C1000BBA5C8</key>
		<dict>
			<key>fileRef</key>
			<string>5171476A18CD7C1000BBA5C8</string>
			<key>isa</key>
			<string>PBXBuildFile</string>
		</dict>
		<key>517147A218CD7C1000BBA5C8</key>
		<dict>
			<key>fileRef</key>
			<string>5171476A18CD7C1000BBA5C8</string>
			<key>isa</key>
			<string>PBXBuildFile</string>
		</dict>
		<key>517147A318CD7C1000BBA5C8</key>
		<dict>
			<key>fileRef</key>
			<string>5171476C18CD7C1000BBA5C8</string>
			<key>isa</key>
			<string>PBXBuildFile</string>
		</dict>
		<key>517147A418CD7C1000BBA5C8</key>
		<dict>
			<key>fileRef</key>
			<string>5171476C18CD7C1000BBA5C8</string>
			<key>isa</key>
			<string>PBXBuildFile</string>
		</dict>
		<key>517147A518CD7C1000BBA5C8</key>
		<dict>
			<key>fileRef</key>
			<string>5171476E18CD7C1000BBA5C8</string>
			<key>isa</key>
			<string>PBXBuildFile</string>
		</dict>
		<key>517147A618CD7C1000BBA5C8</key>
		<dict>
			<key>fileRef</key>
			<string>5171476E18CD7C1000BBA5C8</string>
			<key>isa</key>
			<string>PBXBuildFile</string>
		</dict>
		<key>517147A718CD7C1000BBA5C8</key>
		<dict>
			<key>fileRef</key>
			<string>5171477018CD7C1000BBA5C8</string>
			<key>isa</key>
			<string>PBXBuildFile</string>
		</dict>
		<key>517147A818CD7C1000BBA5C8</key>
		<dict>
			<key>fileRef</key>
			<string>5171477018CD7C1000BBA5C8</string>
			<key>isa</key>
			<string>PBXBuildFile</string>
		</dict>
		<key>517147A918CD7C1000BBA5C8</key>
		<dict>
			<key>fileRef</key>
			<string>5171477218CD7C1000BBA5C8</string>
			<key>isa</key>
			<string>PBXBuildFile</string>
		</dict>
		<key>517147AA18CD7C1000BBA5C8</key>
		<dict>
			<key>fileRef</key>
			<string>5171477218CD7C1000BBA5C8</string>
			<key>isa</key>
			<string>PBXBuildFile</string>
		</dict>
		<key>517147AB18CD7C1000BBA5C8</key>
		<dict>
			<key>fileRef</key>
			<string>5171477418CD7C1000BBA5C8</string>
			<key>isa</key>
			<string>PBXBuildFile</string>
		</dict>
		<key>517147AC18CD7C1000BBA5C8</key>
		<dict>
			<key>fileRef</key>
			<string>5171477418CD7C1000BBA5C8</string>
			<key>isa</key>
			<string>PBXBuildFile</string>
		</dict>
		<key>517147AD18CD7C1000BBA5C8</key>
		<dict>
			<key>fileRef</key>
			<string>5171477618CD7C1000BBA5C8</string>
			<key>isa</key>
			<string>PBXBuildFile</string>
		</dict>
		<key>517147AE18CD7C1000BBA5C8</key>
		<dict>
			<key>fileRef</key>
			<string>5171477618CD7C1000BBA5C8</string>
			<key>isa</key>
			<string>PBXBuildFile</string>
		</dict>
		<key>517147AF18CD7C1000BBA5C8</key>
		<dict>
			<key>fileRef</key>
			<string>5171477818CD7C1000BBA5C8</string>
			<key>isa</key>
			<string>PBXBuildFile</string>
		</dict>
		<key>517147B018CD7C1000BBA5C8</key>
		<dict>
			<key>fileRef</key>
			<string>5171477818CD7C1000BBA5C8</string>
			<key>isa</key>
			<string>PBXBuildFile</string>
		</dict>
		<key>517147B118CD7C1000BBA5C8</key>
		<dict>
			<key>fileRef</key>
			<string>5171477A18CD7C1000BBA5C8</string>
			<key>isa</key>
			<string>PBXBuildFile</string>
		</dict>
		<key>517147B218CD7C1000BBA5C8</key>
		<dict>
			<key>fileRef</key>
			<string>5171477A18CD7C1000BBA5C8</string>
			<key>isa</key>
			<string>PBXBuildFile</string>
		</dict>
		<key>517147B318CD7C1000BBA5C8</key>
		<dict>
			<key>fileRef</key>
			<string>5171477C18CD7C1000BBA5C8</string>
			<key>isa</key>
			<string>PBXBuildFile</string>
		</dict>
		<key>517147B418CD7C1000BBA5C8</key>
		<dict>
			<key>fileRef</key>
			<string>5171477C18CD7C1000BBA5C8</string>
			<key>isa</key>
			<string>PBXBuildFile</string>
		</dict>
		<key>517147B518CD7C1000BBA5C8</key>
		<dict>
			<key>fileRef</key>
			<string>5171477E18CD7C1000BBA5C8</string>
			<key>isa</key>
			<string>PBXBuildFile</string>
		</dict>
		<key>517147B618CD7C1000BBA5C8</key>
		<dict>
			<key>fileRef</key>
			<string>5171477E18CD7C1000BBA5C8</string>
			<key>isa</key>
			<string>PBXBuildFile</string>
		</dict>
		<key>517147B718CD7C1000BBA5C8</key>
		<dict>
			<key>fileRef</key>
			<string>5171478018CD7C1000BBA5C8</string>
			<key>isa</key>
			<string>PBXBuildFile</string>
		</dict>
		<key>517147B818CD7C1000BBA5C8</key>
		<dict>
			<key>fileRef</key>
			<string>5171478018CD7C1000BBA5C8</string>
			<key>isa</key>
			<string>PBXBuildFile</string>
		</dict>
		<key>517147B918CD7C1000BBA5C8</key>
		<dict>
			<key>fileRef</key>
			<string>5171478218CD7C1000BBA5C8</string>
			<key>isa</key>
			<string>PBXBuildFile</string>
		</dict>
		<key>517147BA18CD7C1000BBA5C8</key>
		<dict>
			<key>fileRef</key>
			<string>5171478218CD7C1000BBA5C8</string>
			<key>isa</key>
			<string>PBXBuildFile</string>
		</dict>
		<key>517147BB18CD7C1000BBA5C8</key>
		<dict>
			<key>fileRef</key>
			<string>5171478418CD7C1000BBA5C8</string>
			<key>isa</key>
			<string>PBXBuildFile</string>
		</dict>
		<key>517147BC18CD7C1000BBA5C8</key>
		<dict>
			<key>fileRef</key>
			<string>5171478418CD7C1000BBA5C8</string>
			<key>isa</key>
			<string>PBXBuildFile</string>
		</dict>
		<key>517147BD18CD7C1000BBA5C8</key>
		<dict>
			<key>fileRef</key>
			<string>5171478618CD7C1000BBA5C8</string>
			<key>isa</key>
			<string>PBXBuildFile</string>
		</dict>
		<key>517147BE18CD7C1000BBA5C8</key>
		<dict>
			<key>fileRef</key>
			<string>5171478618CD7C1000BBA5C8</string>
			<key>isa</key>
			<string>PBXBuildFile</string>
		</dict>
		<key>517147BF18CD7C1000BBA5C8</key>
		<dict>
			<key>fileRef</key>
			<string>5171478818CD7C1000BBA5C8</string>
			<key>isa</key>
			<string>PBXBuildFile</string>
		</dict>
		<key>517147C018CD7C1000BBA5C8</key>
		<dict>
			<key>fileRef</key>
			<string>5171478818CD7C1000BBA5C8</string>
			<key>isa</key>
			<string>PBXBuildFile</string>
		</dict>
		<key>517147C118CD7C1000BBA5C8</key>
		<dict>
			<key>fileRef</key>
			<string>5171478A18CD7C1000BBA5C8</string>
			<key>isa</key>
			<string>PBXBuildFile</string>
		</dict>
		<key>517147C218CD7C1000BBA5C8</key>
		<dict>
			<key>fileRef</key>
			<string>5171478A18CD7C1000BBA5C8</string>
			<key>isa</key>
			<string>PBXBuildFile</string>
		</dict>
		<key>517147C318CD7C1000BBA5C8</key>
		<dict>
			<key>fileRef</key>
			<string>5171478C18CD7C1000BBA5C8</string>
			<key>isa</key>
			<string>PBXBuildFile</string>
		</dict>
		<key>517147C418CD7C1000BBA5C8</key>
		<dict>
			<key>fileRef</key>
			<string>5171478C18CD7C1000BBA5C8</string>
			<key>isa</key>
			<string>PBXBuildFile</string>
		</dict>
		<key>517147C518CD7C1000BBA5C8</key>
		<dict>
			<key>fileRef</key>
			<string>5171478E18CD7C1000BBA5C8</string>
			<key>isa</key>
			<string>PBXBuildFile</string>
		</dict>
		<key>517147C618CD7C1000BBA5C8</key>
		<dict>
			<key>fileRef</key>
			<string>5171478E18CD7C1000BBA5C8</string>
			<key>isa</key>
			<string>PBXBuildFile</string>
		</dict>
		<key>517147C718CD7C1000BBA5C8</key>
		<dict>
			<key>fileRef</key>
			<string>5171479218CD7C1000BBA5C8</string>
			<key>isa</key>
			<string>PBXBuildFile</string>
		</dict>
		<key>517147C818CD7C1000BBA5C8</key>
		<dict>
			<key>fileRef</key>
			<string>5171479218CD7C1000BBA5C8</string>
			<key>isa</key>
			<string>PBXBuildFile</string>
		</dict>
		<key>518515CB18CD750C00ABB2D3</key>
		<dict>
			<key>fileRef</key>
			<string>51F4F98C18CD63D40016675E</string>
			<key>isa</key>
			<string>PBXBuildFile</string>
		</dict>
		<key>51F4F91318CD633E0016675E</key>
		<dict>
			<key>children</key>
			<array>
				<string>51F4F92118CD633E0016675E</string>
				<string>51F4F93518CD633F0016675E</string>
				<string>51F4F91E18CD633E0016675E</string>
				<string>51F4F91D18CD633E0016675E</string>
				<string>AD1002F4479F4B12B75A7D61</string>
			</array>
			<key>isa</key>
			<string>PBXGroup</string>
			<key>sourceTree</key>
			<string>&lt;group&gt;</string>
		</dict>
		<key>51F4F91418CD633E0016675E</key>
		<dict>
			<key>attributes</key>
			<dict>
				<key>LastUpgradeCheck</key>
				<string>0500</string>
				<key>ORGANIZATIONNAME</key>
				<string>UX-RX</string>
			</dict>
			<key>buildConfigurationList</key>
			<string>51F4F91718CD633E0016675E</string>
			<key>compatibilityVersion</key>
			<string>Xcode 3.2</string>
			<key>developmentRegion</key>
			<string>English</string>
			<key>hasScannedForEncodings</key>
			<string>0</string>
			<key>isa</key>
			<string>PBXProject</string>
			<key>knownRegions</key>
			<array>
				<string>en</string>
			</array>
			<key>mainGroup</key>
			<string>51F4F91318CD633E0016675E</string>
			<key>productRefGroup</key>
			<string>51F4F91D18CD633E0016675E</string>
			<key>projectDirPath</key>
			<string></string>
			<key>projectReferences</key>
			<array/>
			<key>projectRoot</key>
			<string></string>
			<key>targets</key>
			<array>
				<string>51F4F91B18CD633E0016675E</string>
				<string>51F4F92B18CD633F0016675E</string>
			</array>
		</dict>
		<key>51F4F91718CD633E0016675E</key>
		<dict>
			<key>buildConfigurations</key>
			<array>
				<string>51F4F93D18CD633F0016675E</string>
				<string>51F4F93E18CD633F0016675E</string>
			</array>
			<key>defaultConfigurationIsVisible</key>
			<string>0</string>
			<key>defaultConfigurationName</key>
			<string>Release</string>
			<key>isa</key>
			<string>XCConfigurationList</string>
		</dict>
		<key>51F4F91818CD633E0016675E</key>
		<dict>
			<key>buildActionMask</key>
			<string>2147483647</string>
			<key>files</key>
			<array>
				<string>517147C318CD7C1000BBA5C8</string>
				<string>517147BD18CD7C1000BBA5C8</string>
				<string>5171479518CD7C1000BBA5C8</string>
				<string>517147AD18CD7C1000BBA5C8</string>
				<string>5171479318CD7C1000BBA5C8</string>
				<string>517147BB18CD7C1000BBA5C8</string>
				<string>517147AF18CD7C1000BBA5C8</string>
				<string>5171479D18CD7C1000BBA5C8</string>
				<string>517147B718CD7C1000BBA5C8</string>
				<string>517147BF18CD7C1000BBA5C8</string>
				<string>5171479718CD7C1000BBA5C8</string>
				<string>517147B118CD7C1000BBA5C8</string>
				<string>517147A518CD7C1000BBA5C8</string>
				<string>517147B518CD7C1000BBA5C8</string>
				<string>517147C718CD7C1000BBA5C8</string>
				<string>5171479918CD7C1000BBA5C8</string>
				<string>5171479B18CD7C1000BBA5C8</string>
				<string>517147B318CD7C1000BBA5C8</string>
				<string>517147A118CD7C1000BBA5C8</string>
				<string>517147C518CD7C1000BBA5C8</string>
				<string>517147A918CD7C1000BBA5C8</string>
				<string>517147B918CD7C1000BBA5C8</string>
				<string>5171479F18CD7C1000BBA5C8</string>
				<string>517147A718CD7C1000BBA5C8</string>
				<string>517147C118CD7C1000BBA5C8</string>
				<string>517147A318CD7C1000BBA5C8</string>
				<string>517147AB18CD7C1000BBA5C8</string>
			</array>
			<key>isa</key>
			<string>PBXSourcesBuildPhase</string>
			<key>runOnlyForDeploymentPostprocessing</key>
			<string>0</string>
		</dict>
		<key>51F4F91918CD633E0016675E</key>
		<dict>
			<key>buildActionMask</key>
			<string>2147483647</string>
			<key>files</key>
			<array>
				<string>51F4F92018CD633E0016675E</string>
				<string>5D766DFF9EAE4E4DA5103694</string>
			</array>
			<key>isa</key>
			<string>PBXFrameworksBuildPhase</string>
			<key>runOnlyForDeploymentPostprocessing</key>
			<string>0</string>
		</dict>
		<key>51F4F91A18CD633E0016675E</key>
		<dict>
			<key>buildActionMask</key>
			<string>2147483647</string>
			<key>dstPath</key>
			<string>include/$(PRODUCT_NAME)</string>
			<key>dstSubfolderSpec</key>
			<string>16</string>
			<key>files</key>
			<array>
				<string>518515CB18CD750C00ABB2D3</string>
			</array>
			<key>isa</key>
			<string>PBXCopyFilesBuildPhase</string>
			<key>runOnlyForDeploymentPostprocessing</key>
			<string>0</string>
		</dict>
		<key>51F4F91B18CD633E0016675E</key>
		<dict>
			<key>buildConfigurationList</key>
			<string>51F4F93F18CD633F0016675E</string>
			<key>buildPhases</key>
			<array>
				<string>0DD0770512F6498C82ABABC1</string>
				<string>51F4F91818CD633E0016675E</string>
				<string>51F4F91918CD633E0016675E</string>
				<string>51F4F91A18CD633E0016675E</string>
				<string>FF53DDE14EE647A485C06A26</string>
			</array>
			<key>buildRules</key>
			<array/>
			<key>dependencies</key>
			<array/>
			<key>isa</key>
			<string>PBXNativeTarget</string>
			<key>name</key>
			<string>FourSquareKit</string>
			<key>productName</key>
			<string>FourSquareKit</string>
			<key>productReference</key>
			<string>51F4F91C18CD633E0016675E</string>
			<key>productType</key>
			<string>com.apple.product-type.library.static</string>
		</dict>
		<key>51F4F91C18CD633E0016675E</key>
		<dict>
			<key>explicitFileType</key>
			<string>archive.ar</string>
			<key>includeInIndex</key>
			<string>0</string>
			<key>isa</key>
			<string>PBXFileReference</string>
			<key>path</key>
			<string>libFourSquareKit.a</string>
			<key>sourceTree</key>
			<string>BUILT_PRODUCTS_DIR</string>
		</dict>
		<key>51F4F91D18CD633E0016675E</key>
		<dict>
			<key>children</key>
			<array>
				<string>51F4F91C18CD633E0016675E</string>
				<string>51F4F92C18CD633F0016675E</string>
			</array>
			<key>isa</key>
			<string>PBXGroup</string>
			<key>name</key>
			<string>Products</string>
			<key>sourceTree</key>
			<string>&lt;group&gt;</string>
		</dict>
		<key>51F4F91E18CD633E0016675E</key>
		<dict>
			<key>children</key>
			<array>
				<string>51F4FA5218CD65850016675E</string>
				<string>51F4F91F18CD633E0016675E</string>
				<string>51F4F92D18CD633F0016675E</string>
				<string>51F4F93018CD633F0016675E</string>
				<string>22EF7232553A4E77A441D515</string>
			</array>
			<key>isa</key>
			<string>PBXGroup</string>
			<key>name</key>
			<string>Frameworks</string>
			<key>sourceTree</key>
			<string>&lt;group&gt;</string>
		</dict>
		<key>51F4F91F18CD633E0016675E</key>
		<dict>
			<key>isa</key>
			<string>PBXFileReference</string>
			<key>lastKnownFileType</key>
			<string>wrapper.framework</string>
			<key>name</key>
			<string>Foundation.framework</string>
			<key>path</key>
			<string>System/Library/Frameworks/Foundation.framework</string>
			<key>sourceTree</key>
			<string>SDKROOT</string>
		</dict>
		<key>51F4F92018CD633E0016675E</key>
		<dict>
			<key>fileRef</key>
			<string>51F4F91F18CD633E0016675E</string>
			<key>isa</key>
			<string>PBXBuildFile</string>
		</dict>
		<key>51F4F92118CD633E0016675E</key>
		<dict>
			<key>children</key>
			<array>
				<string>5171475918CD7C1000BBA5C8</string>
				<string>5171476418CD7C1000BBA5C8</string>
				<string>5171479018CD7C1000BBA5C8</string>
				<string>51F4F98C18CD63D40016675E</string>
				<string>51F4F92218CD633E0016675E</string>
			</array>
			<key>isa</key>
			<string>PBXGroup</string>
			<key>path</key>
			<string>FourSquareKit</string>
			<key>sourceTree</key>
			<string>&lt;group&gt;</string>
		</dict>
		<key>51F4F92218CD633E0016675E</key>
		<dict>
			<key>children</key>
			<array>
				<string>51F4F92318CD633E0016675E</string>
			</array>
			<key>isa</key>
			<string>PBXGroup</string>
			<key>name</key>
			<string>Supporting Files</string>
			<key>sourceTree</key>
			<string>&lt;group&gt;</string>
		</dict>
		<key>51F4F92318CD633E0016675E</key>
		<dict>
			<key>isa</key>
			<string>PBXFileReference</string>
			<key>lastKnownFileType</key>
			<string>sourcecode.c.h</string>
			<key>path</key>
			<string>FourSquareKit-Prefix.pch</string>
			<key>sourceTree</key>
			<string>&lt;group&gt;</string>
		</dict>
		<key>51F4F92818CD633F0016675E</key>
		<dict>
			<key>buildActionMask</key>
			<string>2147483647</string>
			<key>files</key>
			<array>
				<string>5171479618CD7C1000BBA5C8</string>
				<string>517147B818CD7C1000BBA5C8</string>
				<string>517147C018CD7C1000BBA5C8</string>
				<string>517147AC18CD7C1000BBA5C8</string>
				<string>517147A218CD7C1000BBA5C8</string>
				<string>517147C218CD7C1000BBA5C8</string>
				<string>517147B218CD7C1000BBA5C8</string>
				<string>5171479C18CD7C1000BBA5C8</string>
				<string>517147A018CD7C1000BBA5C8</string>
				<string>517147A818CD7C1000BBA5C8</string>
				<string>517147C618CD7C1000BBA5C8</string>
				<string>51F4FA4E18CD64C70016675E</string>
				<string>517147C818CD7C1000BBA5C8</string>
				<string>5171479E18CD7C1000BBA5C8</string>
				<string>517147BC18CD7C1000BBA5C8</string>
				<string>517147AE18CD7C1000BBA5C8</string>
				<string>517147BA18CD7C1000BBA5C8</string>
				<string>51F4FA5118CD65380016675E</string>
				<string>517147A418CD7C1000BBA5C8</string>
				<string>517147B018CD7C1000BBA5C8</string>
				<string>51F4FA4718CD64530016675E</string>
				<string>5171479A18CD7C1000BBA5C8</string>
				<string>5171479818CD7C1000BBA5C8</string>
				<string>517147C418CD7C1000BBA5C8</string>
				<string>517147B418CD7C1000BBA5C8</string>
				<string>517147B618CD7C1000BBA5C8</string>
				<string>51F4FA4918CD64530016675E</string>
				<string>517147BE18CD7C1000BBA5C8</string>
				<string>517147AA18CD7C1000BBA5C8</string>
				<string>5171479418CD7C1000BBA5C8</string>
				<string>517147A618CD7C1000BBA5C8</string>
			</array>
			<key>isa</key>
			<string>PBXSourcesBuildPhase</string>
			<key>runOnlyForDeploymentPostprocessing</key>
			<string>0</string>
		</dict>
		<key>51F4F92918CD633F0016675E</key>
		<dict>
			<key>buildActionMask</key>
			<string>2147483647</string>
			<key>files</key>
			<array>
				<string>51F4FA5318CD65850016675E</string>
				<string>51F4F92E18CD633F0016675E</string>
				<string>51F4F93418CD633F0016675E</string>
				<string>51F4F93118CD633F0016675E</string>
				<string>51F4F92F18CD633F0016675E</string>
			</array>
			<key>isa</key>
			<string>PBXFrameworksBuildPhase</string>
			<key>runOnlyForDeploymentPostprocessing</key>
			<string>0</string>
		</dict>
		<key>51F4F92A18CD633F0016675E</key>
		<dict>
			<key>buildActionMask</key>
			<string>2147483647</string>
			<key>files</key>
			<array>
				<string>51F4F93A18CD633F0016675E</string>
			</array>
			<key>isa</key>
			<string>PBXResourcesBuildPhase</string>
			<key>runOnlyForDeploymentPostprocessing</key>
			<string>0</string>
		</dict>
		<key>51F4F92B18CD633F0016675E</key>
		<dict>
			<key>buildConfigurationList</key>
			<string>51F4F94218CD633F0016675E</string>
			<key>buildPhases</key>
			<array>
				<string>51F4F92818CD633F0016675E</string>
				<string>51F4F92918CD633F0016675E</string>
				<string>51F4F92A18CD633F0016675E</string>
			</array>
			<key>buildRules</key>
			<array/>
			<key>dependencies</key>
			<array>
				<string>51F4F93318CD633F0016675E</string>
			</array>
			<key>isa</key>
			<string>PBXNativeTarget</string>
			<key>name</key>
			<string>FourSquareKitTests</string>
			<key>productName</key>
			<string>FourSquareKitTests</string>
			<key>productReference</key>
			<string>51F4F92C18CD633F0016675E</string>
			<key>productType</key>
			<string>com.apple.product-type.bundle.unit-test</string>
		</dict>
		<key>51F4F92C18CD633F0016675E</key>
		<dict>
			<key>explicitFileType</key>
			<string>wrapper.cfbundle</string>
			<key>includeInIndex</key>
			<string>0</string>
			<key>isa</key>
			<string>PBXFileReference</string>
			<key>path</key>
			<string>FourSquareKitTests.xctest</string>
			<key>sourceTree</key>
			<string>BUILT_PRODUCTS_DIR</string>
		</dict>
		<key>51F4F92D18CD633F0016675E</key>
		<dict>
			<key>isa</key>
			<string>PBXFileReference</string>
			<key>lastKnownFileType</key>
			<string>wrapper.framework</string>
			<key>name</key>
			<string>XCTest.framework</string>
			<key>path</key>
			<string>Library/Frameworks/XCTest.framework</string>
			<key>sourceTree</key>
			<string>DEVELOPER_DIR</string>
		</dict>
		<key>51F4F92E18CD633F0016675E</key>
		<dict>
			<key>fileRef</key>
			<string>51F4F92D18CD633F0016675E</string>
			<key>isa</key>
			<string>PBXBuildFile</string>
		</dict>
		<key>51F4F92F18CD633F0016675E</key>
		<dict>
			<key>fileRef</key>
			<string>51F4F91F18CD633E0016675E</string>
			<key>isa</key>
			<string>PBXBuildFile</string>
		</dict>
		<key>51F4F93018CD633F0016675E</key>
		<dict>
			<key>isa</key>
			<string>PBXFileReference</string>
			<key>lastKnownFileType</key>
			<string>wrapper.framework</string>
			<key>name</key>
			<string>UIKit.framework</string>
			<key>path</key>
			<string>Library/Frameworks/UIKit.framework</string>
			<key>sourceTree</key>
			<string>DEVELOPER_DIR</string>
		</dict>
		<key>51F4F93118CD633F0016675E</key>
		<dict>
			<key>fileRef</key>
			<string>51F4F93018CD633F0016675E</string>
			<key>isa</key>
			<string>PBXBuildFile</string>
		</dict>
		<key>51F4F93218CD633F0016675E</key>
		<dict>
			<key>containerPortal</key>
			<string>51F4F91418CD633E0016675E</string>
			<key>isa</key>
			<string>PBXContainerItemProxy</string>
			<key>proxyType</key>
			<string>1</string>
			<key>remoteGlobalIDString</key>
			<string>51F4F91B18CD633E0016675E</string>
			<key>remoteInfo</key>
			<string>FourSquareKit</string>
		</dict>
		<key>51F4F93318CD633F0016675E</key>
		<dict>
			<key>isa</key>
			<string>PBXTargetDependency</string>
			<key>target</key>
			<string>51F4F91B18CD633E0016675E</string>
			<key>targetProxy</key>
			<string>51F4F93218CD633F0016675E</string>
		</dict>
		<key>51F4F93418CD633F0016675E</key>
		<dict>
			<key>fileRef</key>
			<string>51F4F91C18CD633E0016675E</string>
			<key>isa</key>
			<string>PBXBuildFile</string>
		</dict>
		<key>51F4F93518CD633F0016675E</key>
		<dict>
			<key>children</key>
			<array>
				<string>51F4FA4B18CD649E0016675E</string>
				<string>51F4FA4318CD64530016675E</string>
				<string>51F4FA4418CD64530016675E</string>
				<string>51F4FA4518CD64530016675E</string>
				<string>51F4F93618CD633F0016675E</string>
			</array>
			<key>isa</key>
			<string>PBXGroup</string>
			<key>path</key>
			<string>FourSquareKitTests</string>
			<key>sourceTree</key>
			<string>&lt;group&gt;</string>
		</dict>
		<key>51F4F93618CD633F0016675E</key>
		<dict>
			<key>children</key>
			<array>
				<string>51F4F93718CD633F0016675E</string>
				<string>51F4F93818CD633F0016675E</string>
			</array>
			<key>isa</key>
			<string>PBXGroup</string>
			<key>name</key>
			<string>Supporting Files</string>
			<key>sourceTree</key>
			<string>&lt;group&gt;</string>
		</dict>
		<key>51F4F93718CD633F0016675E</key>
		<dict>
			<key>isa</key>
			<string>PBXFileReference</string>
			<key>lastKnownFileType</key>
			<string>text.plist.xml</string>
			<key>path</key>
			<string>FourSquareKitTests-Info.plist</string>
			<key>sourceTree</key>
			<string>&lt;group&gt;</string>
		</dict>
		<key>51F4F93818CD633F0016675E</key>
		<dict>
			<key>children</key>
			<array>
				<string>51F4F93918CD633F0016675E</string>
			</array>
			<key>isa</key>
			<string>PBXVariantGroup</string>
			<key>name</key>
			<string>InfoPlist.strings</string>
			<key>sourceTree</key>
			<string>&lt;group&gt;</string>
		</dict>
		<key>51F4F93918CD633F0016675E</key>
		<dict>
			<key>isa</key>
			<string>PBXFileReference</string>
			<key>lastKnownFileType</key>
			<string>text.plist.strings</string>
			<key>name</key>
			<string>en</string>
			<key>path</key>
			<string>en.lproj/InfoPlist.strings</string>
			<key>sourceTree</key>
			<string>&lt;group&gt;</string>
		</dict>
		<key>51F4F93A18CD633F0016675E</key>
		<dict>
			<key>fileRef</key>
			<string>51F4F93818CD633F0016675E</string>
			<key>isa</key>
			<string>PBXBuildFile</string>
		</dict>
		<key>51F4F93D18CD633F0016675E</key>
		<dict>
			<key>buildSettings</key>
			<dict>
				<key>ALWAYS_SEARCH_USER_PATHS</key>
				<string>NO</string>
				<key>ARCHS</key>
				<string>$(ARCHS_STANDARD_INCLUDING_64_BIT)</string>
				<key>CLANG_CXX_LANGUAGE_STANDARD</key>
				<string>gnu++0x</string>
				<key>CLANG_CXX_LIBRARY</key>
				<string>libc++</string>
				<key>CLANG_ENABLE_MODULES</key>
				<string>YES</string>
				<key>CLANG_ENABLE_OBJC_ARC</key>
				<string>YES</string>
				<key>CLANG_WARN_BOOL_CONVERSION</key>
				<string>YES</string>
				<key>CLANG_WARN_CONSTANT_CONVERSION</key>
				<string>YES</string>
				<key>CLANG_WARN_DIRECT_OBJC_ISA_USAGE</key>
				<string>YES_ERROR</string>
				<key>CLANG_WARN_EMPTY_BODY</key>
				<string>YES</string>
				<key>CLANG_WARN_ENUM_CONVERSION</key>
				<string>YES</string>
				<key>CLANG_WARN_INT_CONVERSION</key>
				<string>YES</string>
				<key>CLANG_WARN_OBJC_ROOT_CLASS</key>
				<string>YES_ERROR</string>
				<key>CLANG_WARN__DUPLICATE_METHOD_MATCH</key>
				<string>YES</string>
				<key>COPY_PHASE_STRIP</key>
				<string>NO</string>
				<key>GCC_C_LANGUAGE_STANDARD</key>
				<string>gnu99</string>
				<key>GCC_DYNAMIC_NO_PIC</key>
				<string>NO</string>
				<key>GCC_OPTIMIZATION_LEVEL</key>
				<string>0</string>
				<key>GCC_PREPROCESSOR_DEFINITIONS</key>
				<array>
					<string>DEBUG=1</string>
					<string>$(inherited)</string>
				</array>
				<key>GCC_SYMBOLS_PRIVATE_EXTERN</key>
				<string>NO</string>
				<key>GCC_WARN_64_TO_32_BIT_CONVERSION</key>
				<string>YES</string>
				<key>GCC_WARN_ABOUT_RETURN_TYPE</key>
				<string>YES_ERROR</string>
				<key>GCC_WARN_UNDECLARED_SELECTOR</key>
				<string>YES</string>
				<key>GCC_WARN_UNINITIALIZED_AUTOS</key>
				<string>YES</string>
				<key>GCC_WARN_UNUSED_FUNCTION</key>
				<string>YES</string>
				<key>GCC_WARN_UNUSED_VARIABLE</key>
				<string>YES</string>
				<key>IPHONEOS_DEPLOYMENT_TARGET</key>
				<string>7.0</string>
				<key>ONLY_ACTIVE_ARCH</key>
				<string>YES</string>
				<key>SDKROOT</key>
				<string>iphoneos</string>
			</dict>
			<key>isa</key>
			<string>XCBuildConfiguration</string>
			<key>name</key>
			<string>Debug</string>
		</dict>
		<key>51F4F93E18CD633F0016675E</key>
		<dict>
			<key>buildSettings</key>
			<dict>
				<key>ALWAYS_SEARCH_USER_PATHS</key>
				<string>NO</string>
				<key>ARCHS</key>
				<string>$(ARCHS_STANDARD_INCLUDING_64_BIT)</string>
				<key>CLANG_CXX_LANGUAGE_STANDARD</key>
				<string>gnu++0x</string>
				<key>CLANG_CXX_LIBRARY</key>
				<string>libc++</string>
				<key>CLANG_ENABLE_MODULES</key>
				<string>YES</string>
				<key>CLANG_ENABLE_OBJC_ARC</key>
				<string>YES</string>
				<key>CLANG_WARN_BOOL_CONVERSION</key>
				<string>YES</string>
				<key>CLANG_WARN_CONSTANT_CONVERSION</key>
				<string>YES</string>
				<key>CLANG_WARN_DIRECT_OBJC_ISA_USAGE</key>
				<string>YES_ERROR</string>
				<key>CLANG_WARN_EMPTY_BODY</key>
				<string>YES</string>
				<key>CLANG_WARN_ENUM_CONVERSION</key>
				<string>YES</string>
				<key>CLANG_WARN_INT_CONVERSION</key>
				<string>YES</string>
				<key>CLANG_WARN_OBJC_ROOT_CLASS</key>
				<string>YES_ERROR</string>
				<key>CLANG_WARN__DUPLICATE_METHOD_MATCH</key>
				<string>YES</string>
				<key>COPY_PHASE_STRIP</key>
				<string>YES</string>
				<key>ENABLE_NS_ASSERTIONS</key>
				<string>NO</string>
				<key>GCC_C_LANGUAGE_STANDARD</key>
				<string>gnu99</string>
				<key>GCC_WARN_64_TO_32_BIT_CONVERSION</key>
				<string>YES</string>
				<key>GCC_WARN_ABOUT_RETURN_TYPE</key>
				<string>YES_ERROR</string>
				<key>GCC_WARN_UNDECLARED_SELECTOR</key>
				<string>YES</string>
				<key>GCC_WARN_UNINITIALIZED_AUTOS</key>
				<string>YES</string>
				<key>GCC_WARN_UNUSED_FUNCTION</key>
				<string>YES</string>
				<key>GCC_WARN_UNUSED_VARIABLE</key>
				<string>YES</string>
				<key>IPHONEOS_DEPLOYMENT_TARGET</key>
				<string>7.0</string>
				<key>SDKROOT</key>
				<string>iphoneos</string>
				<key>VALIDATE_PRODUCT</key>
				<string>YES</string>
			</dict>
			<key>isa</key>
			<string>XCBuildConfiguration</string>
			<key>name</key>
			<string>Release</string>
		</dict>
		<key>51F4F93F18CD633F0016675E</key>
		<dict>
			<key>buildConfigurations</key>
			<array>
				<string>51F4F94018CD633F0016675E</string>
				<string>51F4F94118CD633F0016675E</string>
			</array>
			<key>defaultConfigurationIsVisible</key>
			<string>0</string>
			<key>defaultConfigurationName</key>
			<string>Release</string>
			<key>isa</key>
			<string>XCConfigurationList</string>
		</dict>
		<key>51F4F94018CD633F0016675E</key>
		<dict>
			<key>baseConfigurationReference</key>
			<string>AD1002F4479F4B12B75A7D61</string>
			<key>buildSettings</key>
			<dict>
				<key>DSTROOT</key>
				<string>/tmp/FourSquareKit.dst</string>
				<key>GCC_PRECOMPILE_PREFIX_HEADER</key>
				<string>YES</string>
				<key>GCC_PREFIX_HEADER</key>
				<string>FourSquareKit/FourSquareKit-Prefix.pch</string>
				<key>OTHER_LDFLAGS</key>
				<string></string>
				<key>PRODUCT_NAME</key>
				<string>$(TARGET_NAME)</string>
				<key>PUBLIC_HEADERS_FOLDER_PATH</key>
				<string>include/$(PRODUCT_NAME)</string>
				<key>SKIP_INSTALL</key>
				<string>YES</string>
			</dict>
			<key>isa</key>
			<string>XCBuildConfiguration</string>
			<key>name</key>
			<string>Debug</string>
		</dict>
		<key>51F4F94118CD633F0016675E</key>
		<dict>
			<key>baseConfigurationReference</key>
			<string>AD1002F4479F4B12B75A7D61</string>
			<key>buildSettings</key>
			<dict>
				<key>DSTROOT</key>
				<string>/tmp/FourSquareKit.dst</string>
				<key>GCC_PRECOMPILE_PREFIX_HEADER</key>
				<string>YES</string>
				<key>GCC_PREFIX_HEADER</key>
				<string>FourSquareKit/FourSquareKit-Prefix.pch</string>
				<key>OTHER_LDFLAGS</key>
				<string></string>
				<key>PRODUCT_NAME</key>
				<string>$(TARGET_NAME)</string>
				<key>PUBLIC_HEADERS_FOLDER_PATH</key>
				<string>include/$(PRODUCT_NAME)</string>
				<key>SKIP_INSTALL</key>
				<string>YES</string>
			</dict>
			<key>isa</key>
			<string>XCBuildConfiguration</string>
			<key>name</key>
			<string>Release</string>
		</dict>
		<key>51F4F94218CD633F0016675E</key>
		<dict>
			<key>buildConfigurations</key>
			<array>
				<string>51F4F94318CD633F0016675E</string>
				<string>51F4F94418CD633F0016675E</string>
			</array>
			<key>defaultConfigurationIsVisible</key>
			<string>0</string>
			<key>defaultConfigurationName</key>
			<string>Release</string>
			<key>isa</key>
			<string>XCConfigurationList</string>
		</dict>
		<key>51F4F94318CD633F0016675E</key>
		<dict>
			<key>buildSettings</key>
			<dict>
				<key>ARCHS</key>
				<string>$(ARCHS_STANDARD_INCLUDING_64_BIT)</string>
				<key>FRAMEWORK_SEARCH_PATHS</key>
				<array>
					<string>$(SDKROOT)/Developer/Library/Frameworks</string>
					<string>$(inherited)</string>
					<string>$(DEVELOPER_FRAMEWORKS_DIR)</string>
				</array>
				<key>GCC_PRECOMPILE_PREFIX_HEADER</key>
				<string>YES</string>
				<key>GCC_PREFIX_HEADER</key>
				<string>FourSquareKit/FourSquareKit-Prefix.pch</string>
				<key>GCC_PREPROCESSOR_DEFINITIONS</key>
				<array>
					<string>DEBUG=1</string>
					<string>$(inherited)</string>
				</array>
				<key>INFOPLIST_FILE</key>
				<string>FourSquareKitTests/FourSquareKitTests-Info.plist</string>
				<key>PRODUCT_NAME</key>
				<string>$(TARGET_NAME)</string>
				<key>WRAPPER_EXTENSION</key>
				<string>xctest</string>
			</dict>
			<key>isa</key>
			<string>XCBuildConfiguration</string>
			<key>name</key>
			<string>Debug</string>
		</dict>
		<key>51F4F94418CD633F0016675E</key>
		<dict>
			<key>buildSettings</key>
			<dict>
				<key>ARCHS</key>
				<string>$(ARCHS_STANDARD_INCLUDING_64_BIT)</string>
				<key>FRAMEWORK_SEARCH_PATHS</key>
				<array>
					<string>$(SDKROOT)/Developer/Library/Frameworks</string>
					<string>$(inherited)</string>
					<string>$(DEVELOPER_FRAMEWORKS_DIR)</string>
				</array>
				<key>GCC_PRECOMPILE_PREFIX_HEADER</key>
				<string>YES</string>
				<key>GCC_PREFIX_HEADER</key>
				<string>FourSquareKit/FourSquareKit-Prefix.pch</string>
				<key>INFOPLIST_FILE</key>
				<string>FourSquareKitTests/FourSquareKitTests-Info.plist</string>
				<key>PRODUCT_NAME</key>
				<string>$(TARGET_NAME)</string>
				<key>WRAPPER_EXTENSION</key>
				<string>xctest</string>
			</dict>
			<key>isa</key>
			<string>XCBuildConfiguration</string>
			<key>name</key>
			<string>Release</string>
		</dict>
		<key>51F4F98C18CD63D40016675E</key>
		<dict>
			<key>fileEncoding</key>
			<string>4</string>
			<key>isa</key>
			<string>PBXFileReference</string>
			<key>lastKnownFileType</key>
			<string>sourcecode.c.h</string>
			<key>path</key>
			<string>FourSquareKit.h</string>
			<key>sourceTree</key>
			<string>&lt;group&gt;</string>
		</dict>
		<key>51F4FA4318CD64530016675E</key>
		<dict>
			<key>fileEncoding</key>
			<string>4</string>
			<key>isa</key>
			<string>PBXFileReference</string>
			<key>lastKnownFileType</key>
			<string>sourcecode.c.h</string>
			<key>path</key>
			<string>UXRAsyncTesting.h</string>
			<key>sourceTree</key>
			<string>&lt;group&gt;</string>
		</dict>
		<key>51F4FA4418CD64530016675E</key>
		<dict>
			<key>fileEncoding</key>
			<string>4</string>
			<key>isa</key>
			<string>PBXFileReference</string>
			<key>lastKnownFileType</key>
			<string>sourcecode.c.objc</string>
			<key>path</key>
			<string>UXRBaseEngineTests.m</string>
			<key>sourceTree</key>
			<string>&lt;group&gt;</string>
		</dict>
		<key>51F4FA4518CD64530016675E</key>
		<dict>
			<key>fileEncoding</key>
			<string>4</string>
			<key>isa</key>
			<string>PBXFileReference</string>
			<key>lastKnownFileType</key>
			<string>sourcecode.c.objc</string>
			<key>path</key>
			<string>UXRFourSquareTests.m</string>
			<key>sourceTree</key>
			<string>&lt;group&gt;</string>
		</dict>
		<key>51F4FA4718CD64530016675E</key>
		<dict>
			<key>fileRef</key>
			<string>51F4FA4418CD64530016675E</string>
			<key>isa</key>
			<string>PBXBuildFile</string>
		</dict>
		<key>51F4FA4918CD64530016675E</key>
		<dict>
			<key>fileRef</key>
			<string>51F4FA4518CD64530016675E</string>
			<key>isa</key>
			<string>PBXBuildFile</string>
		</dict>
		<key>51F4FA4B18CD649E0016675E</key>
		<dict>
			<key>children</key>
			<array>
				<string>51F4FA4C18CD64C70016675E</string>
				<string>51F4FA4D18CD64C70016675E</string>
				<string>51F4FA4F18CD65380016675E</string>
				<string>51F4FA5018CD65380016675E</string>
			</array>
			<key>isa</key>
			<string>PBXGroup</string>
			<key>name</key>
			<string>Categories</string>
			<key>sourceTree</key>
			<string>&lt;group&gt;</string>
		</dict>
		<key>51F4FA4C18CD64C70016675E</key>
		<dict>
			<key>fileEncoding</key>
			<string>4</string>
			<key>isa</key>
			<string>PBXFileReference</string>
			<key>lastKnownFileType</key>
			<string>sourcecode.c.h</string>
			<key>path</key>
			<string>UXRFourSquareRestaurantModel+Validations.h</string>
			<key>sourceTree</key>
			<string>&lt;group&gt;</string>
		</dict>
		<key>51F4FA4D18CD64C70016675E</key>
		<dict>
			<key>fileEncoding</key>
			<string>4</string>
			<key>isa</key>
			<string>PBXFileReference</string>
			<key>lastKnownFileType</key>
			<string>sourcecode.c.objc</string>
			<key>path</key>
			<string>UXRFourSquareRestaurantModel+Validations.m</string>
			<key>sourceTree</key>
			<string>&lt;group&gt;</string>
		</dict>
		<key>51F4FA4E18CD64C70016675E</key>
		<dict>
			<key>fileRef</key>
			<string>51F4FA4D18CD64C70016675E</string>
			<key>isa</key>
			<string>PBXBuildFile</string>
		</dict>
		<key>51F4FA4F18CD65380016675E</key>
		<dict>
			<key>fileEncoding</key>
			<string>4</string>
			<key>isa</key>
			<string>PBXFileReference</string>
			<key>lastKnownFileType</key>
			<string>sourcecode.c.h</string>
			<key>path</key>
			<string>UXRFourSquarePhotoModel+Validation.h</string>
			<key>sourceTree</key>
			<string>&lt;group&gt;</string>
		</dict>
		<key>51F4FA5018CD65380016675E</key>
		<dict>
			<key>fileEncoding</key>
			<string>4</string>
			<key>isa</key>
			<string>PBXFileReference</string>
			<key>lastKnownFileType</key>
			<string>sourcecode.c.objc</string>
			<key>path</key>
			<string>UXRFourSquarePhotoModel+Validation.m</string>
			<key>sourceTree</key>
			<string>&lt;group&gt;</string>
		</dict>
		<key>51F4FA5118CD65380016675E</key>
		<dict>
			<key>fileRef</key>
			<string>51F4FA5018CD65380016675E</string>
			<key>isa</key>
			<string>PBXBuildFile</string>
		</dict>
		<key>51F4FA5218CD65850016675E</key>
		<dict>
			<key>isa</key>
			<string>PBXFileReference</string>
			<key>lastKnownFileType</key>
			<string>wrapper.framework</string>
			<key>name</key>
			<string>CoreLocation.framework</string>
			<key>path</key>
			<string>System/Library/Frameworks/CoreLocation.framework</string>
			<key>sourceTree</key>
			<string>SDKROOT</string>
		</dict>
		<key>51F4FA5318CD65850016675E</key>
		<dict>
			<key>fileRef</key>
			<string>51F4FA5218CD65850016675E</string>
			<key>isa</key>
			<string>PBXBuildFile</string>
		</dict>
		<key>5D766DFF9EAE4E4DA5103694</key>
		<dict>
			<key>fileRef</key>
			<string>22EF7232553A4E77A441D515</string>
			<key>isa</key>
			<string>PBXBuildFile</string>
		</dict>
		<key>AD1002F4479F4B12B75A7D61</key>
		<dict>
			<key>includeInIndex</key>
			<string>1</string>
			<key>isa</key>
			<string>PBXFileReference</string>
			<key>lastKnownFileType</key>
			<string>text.xcconfig</string>
			<key>name</key>
			<string>Pods-FourSquareKit.xcconfig</string>
			<key>path</key>
			<string>Pods/Pods-FourSquareKit.xcconfig</string>
			<key>sourceTree</key>
			<string>&lt;group&gt;</string>
		</dict>
		<key>FF53DDE14EE647A485C06A26</key>
		<dict>
			<key>buildActionMask</key>
			<string>2147483647</string>
			<key>files</key>
			<array/>
			<key>inputPaths</key>
			<array/>
			<key>isa</key>
			<string>PBXShellScriptBuildPhase</string>
			<key>name</key>
			<string>Copy Pods Resources</string>
			<key>outputPaths</key>
			<array/>
			<key>runOnlyForDeploymentPostprocessing</key>
			<string>0</string>
			<key>shellPath</key>
			<string>/bin/sh</string>
			<key>shellScript</key>
			<string>"${SRCROOT}/Pods/Pods-FourSquareKit-resources.sh"
</string>
			<key>showEnvVarsInLog</key>
			<string>0</string>
		</dict>
	</dict>
	<key>rootObject</key>
	<string>51F4F91418CD633E0016675E</string>
</dict>
</plist>
