// !$*UTF8*$!
{
	archiveVersion = 1;
	classes = {
	};
	objectVersion = 46;
	objects = {

/* Begin PBXBuildFile section */
		511C57E218CD4BFF004125DA /* libFourSquareKit-iOS.a in Frameworks */ = {isa = PBXBuildFile; fileRef = 511C57E118CD4BFF004125DA /* libFourSquareKit-iOS.a */; };
		5186577118CD47D300E8F486 /* Foundation.framework in Frameworks */ = {isa = PBXBuildFile; fileRef = 5186577018CD47D300E8F486 /* Foundation.framework */; };
		5186577318CD47D300E8F486 /* CoreGraphics.framework in Frameworks */ = {isa = PBXBuildFile; fileRef = 5186577218CD47D300E8F486 /* CoreGraphics.framework */; };
		5186577518CD47D300E8F486 /* UIKit.framework in Frameworks */ = {isa = PBXBuildFile; fileRef = 5186577418CD47D300E8F486 /* UIKit.framework */; };
		5186577B18CD47D300E8F486 /* InfoPlist.strings in Resources */ = {isa = PBXBuildFile; fileRef = 5186577918CD47D300E8F486 /* InfoPlist.strings */; };
		5186577D18CD47D300E8F486 /* main.m in Sources */ = {isa = PBXBuildFile; fileRef = 5186577C18CD47D300E8F486 /* main.m */; };
		5186578118CD47D300E8F486 /* UXRAppDelegate.m in Sources */ = {isa = PBXBuildFile; fileRef = 5186578018CD47D300E8F486 /* UXRAppDelegate.m */; };
		5186578318CD47D300E8F486 /* Images.xcassets in Resources */ = {isa = PBXBuildFile; fileRef = 5186578218CD47D300E8F486 /* Images.xcassets */; };
/* End PBXBuildFile section */

/* Begin PBXFileReference section */
		511C57E118CD4BFF004125DA /* libFourSquareKit-iOS.a */ = {isa = PBXFileReference; lastKnownFileType = file; name = "libFourSquareKit-iOS.a"; path = "../FourSquareKit-iOS/build/Debug-iphoneos/libFourSquareKit-iOS.a"; sourceTree = "<group>"; };
		5186576D18CD47D300E8F486 /* Demo-iOS.app */ = {isa = PBXFileReference; explicitFileType = wrapper.application; includeInIndex = 0; path = "Demo-iOS.app"; sourceTree = BUILT_PRODUCTS_DIR; };
		5186577018CD47D300E8F486 /* Foundation.framework */ = {isa = PBXFileReference; lastKnownFileType = wrapper.framework; name = Foundation.framework; path = System/Library/Frameworks/Foundation.framework; sourceTree = SDKROOT; };
		5186577218CD47D300E8F486 /* CoreGraphics.framework */ = {isa = PBXFileReference; lastKnownFileType = wrapper.framework; name = CoreGraphics.framework; path = System/Library/Frameworks/CoreGraphics.framework; sourceTree = SDKROOT; };
		5186577418CD47D300E8F486 /* UIKit.framework */ = {isa = PBXFileReference; lastKnownFileType = wrapper.framework; name = UIKit.framework; path = System/Library/Frameworks/UIKit.framework; sourceTree = SDKROOT; };
		5186577818CD47D300E8F486 /* Demo-iOS-Info.plist */ = {isa = PBXFileReference; lastKnownFileType = text.plist.xml; path = "Demo-iOS-Info.plist"; sourceTree = "<group>"; };
		5186577A18CD47D300E8F486 /* en */ = {isa = PBXFileReference; lastKnownFileType = text.plist.strings; name = en; path = en.lproj/InfoPlist.strings; sourceTree = "<group>"; };
		5186577C18CD47D300E8F486 /* main.m */ = {isa = PBXFileReference; lastKnownFileType = sourcecode.c.objc; path = main.m; sourceTree = "<group>"; };
		5186577E18CD47D300E8F486 /* Demo-iOS-Prefix.pch */ = {isa = PBXFileReference; lastKnownFileType = sourcecode.c.h; path = "Demo-iOS-Prefix.pch"; sourceTree = "<group>"; };
		5186577F18CD47D300E8F486 /* UXRAppDelegate.h */ = {isa = PBXFileReference; lastKnownFileType = sourcecode.c.h; path = UXRAppDelegate.h; sourceTree = "<group>"; };
		5186578018CD47D300E8F486 /* UXRAppDelegate.m */ = {isa = PBXFileReference; lastKnownFileType = sourcecode.c.objc; path = UXRAppDelegate.m; sourceTree = "<group>"; };
		5186578218CD47D300E8F486 /* Images.xcassets */ = {isa = PBXFileReference; lastKnownFileType = folder.assetcatalog; path = Images.xcassets; sourceTree = "<group>"; };
		5186578918CD47D300E8F486 /* XCTest.framework */ = {isa = PBXFileReference; lastKnownFileType = wrapper.framework; name = XCTest.framework; path = Library/Frameworks/XCTest.framework; sourceTree = DEVELOPER_DIR; };
/* End PBXFileReference section */

/* Begin PBXFrameworksBuildPhase section */
		5186576A18CD47D300E8F486 /* Frameworks */ = {
			isa = PBXFrameworksBuildPhase;
			buildActionMask = 2147483647;
			files = (
				511C57E218CD4BFF004125DA /* libFourSquareKit-iOS.a in Frameworks */,
				5186577318CD47D300E8F486 /* CoreGraphics.framework in Frameworks */,
				5186577518CD47D300E8F486 /* UIKit.framework in Frameworks */,
				5186577118CD47D300E8F486 /* Foundation.framework in Frameworks */,
			);
			runOnlyForDeploymentPostprocessing = 0;
		};
/* End PBXFrameworksBuildPhase section */

/* Begin PBXGroup section */
		5186576418CD47D300E8F486 = {
			isa = PBXGroup;
			children = (
				5186577618CD47D300E8F486 /* Demo-iOS */,
				5186576F18CD47D300E8F486 /* Frameworks */,
				5186576E18CD47D300E8F486 /* Products */,
			);
			sourceTree = "<group>";
		};
		5186576E18CD47D300E8F486 /* Products */ = {
			isa = PBXGroup;
			children = (
				5186576D18CD47D300E8F486 /* Demo-iOS.app */,
			);
			name = Products;
			sourceTree = "<group>";
		};
		5186576F18CD47D300E8F486 /* Frameworks */ = {
			isa = PBXGroup;
			children = (
				511C57E118CD4BFF004125DA /* libFourSquareKit-iOS.a */,
				5186577018CD47D300E8F486 /* Foundation.framework */,
				5186577218CD47D300E8F486 /* CoreGraphics.framework */,
				5186577418CD47D300E8F486 /* UIKit.framework */,
				5186578918CD47D300E8F486 /* XCTest.framework */,
			);
			name = Frameworks;
			sourceTree = "<group>";
		};
		5186577618CD47D300E8F486 /* Demo-iOS */ = {
			isa = PBXGroup;
			children = (
				5186577F18CD47D300E8F486 /* UXRAppDelegate.h */,
				5186578018CD47D300E8F486 /* UXRAppDelegate.m */,
				5186578218CD47D300E8F486 /* Images.xcassets */,
				5186577718CD47D300E8F486 /* Supporting Files */,
			);
			path = "Demo-iOS";
			sourceTree = "<group>";
		};
		5186577718CD47D300E8F486 /* Supporting Files */ = {
			isa = PBXGroup;
			children = (
				5186577818CD47D300E8F486 /* Demo-iOS-Info.plist */,
				5186577918CD47D300E8F486 /* InfoPlist.strings */,
				5186577C18CD47D300E8F486 /* main.m */,
				5186577E18CD47D300E8F486 /* Demo-iOS-Prefix.pch */,
			);
			name = "Supporting Files";
			sourceTree = "<group>";
		};
/* End PBXGroup section */

/* Begin PBXNativeTarget section */
		5186576C18CD47D300E8F486 /* Demo-iOS */ = {
			isa = PBXNativeTarget;
			buildConfigurationList = 5186579918CD47D300E8F486 /* Build configuration list for PBXNativeTarget "Demo-iOS" */;
			buildPhases = (
				5186576918CD47D300E8F486 /* Sources */,
				5186576A18CD47D300E8F486 /* Frameworks */,
				5186576B18CD47D300E8F486 /* Resources */,
			);
			buildRules = (
			);
			dependencies = (
			);
			name = "Demo-iOS";
			productName = "Demo-iOS";
			productReference = 5186576D18CD47D300E8F486 /* Demo-iOS.app */;
			productType = "com.apple.product-type.application";
		};
/* End PBXNativeTarget section */

/* Begin PBXProject section */
		5186576518CD47D300E8F486 /* Project object */ = {
			isa = PBXProject;
			attributes = {
				CLASSPREFIX = UXR;
				LastUpgradeCheck = 0500;
				ORGANIZATIONNAME = "UX-RX";
			};
			buildConfigurationList = 5186576818CD47D300E8F486 /* Build configuration list for PBXProject "Demo-iOS" */;
			compatibilityVersion = "Xcode 3.2";
			developmentRegion = English;
			hasScannedForEncodings = 0;
			knownRegions = (
				en,
			);
			mainGroup = 5186576418CD47D300E8F486;
			productRefGroup = 5186576E18CD47D300E8F486 /* Products */;
			projectDirPath = "";
			projectRoot = "";
			targets = (
				5186576C18CD47D300E8F486 /* Demo-iOS */,
			);
		};
/* End PBXProject section */

/* Begin PBXResourcesBuildPhase section */
		5186576B18CD47D300E8F486 /* Resources */ = {
			isa = PBXResourcesBuildPhase;
			buildActionMask = 2147483647;
			files = (
				5186577B18CD47D300E8F486 /* InfoPlist.strings in Resources */,
				5186578318CD47D300E8F486 /* Images.xcassets in Resources */,
			);
			runOnlyForDeploymentPostprocessing = 0;
		};
/* End PBXResourcesBuildPhase section */

/* Begin PBXSourcesBuildPhase section */
		5186576918CD47D300E8F486 /* Sources */ = {
			isa = PBXSourcesBuildPhase;
			buildActionMask = 2147483647;
			files = (
				5186578118CD47D300E8F486 /* UXRAppDelegate.m in Sources */,
				5186577D18CD47D300E8F486 /* main.m in Sources */,
			);
			runOnlyForDeploymentPostprocessing = 0;
		};
/* End PBXSourcesBuildPhase section */

/* Begin PBXVariantGroup section */
		5186577918CD47D300E8F486 /* InfoPlist.strings */ = {
			isa = PBXVariantGroup;
			children = (
				5186577A18CD47D300E8F486 /* en */,
			);
			name = InfoPlist.strings;
			sourceTree = "<group>";
		};
/* End PBXVariantGroup section */

/* Begin XCBuildConfiguration section */
		5186579718CD47D300E8F486 /* Debug */ = {
			isa = XCBuildConfiguration;
			buildSettings = {
				ALWAYS_SEARCH_USER_PATHS = NO;
				ARCHS = "$(ARCHS_STANDARD_INCLUDING_64_BIT)";
				CLANG_CXX_LANGUAGE_STANDARD = "gnu++0x";
				CLANG_CXX_LIBRARY = "libc++";
				CLANG_ENABLE_MODULES = YES;
				CLANG_ENABLE_OBJC_ARC = YES;
				CLANG_WARN_BOOL_CONVERSION = YES;
				CLANG_WARN_CONSTANT_CONVERSION = YES;
				CLANG_WARN_DIRECT_OBJC_ISA_USAGE = YES_ERROR;
				CLANG_WARN_EMPTY_BODY = YES;
				CLANG_WARN_ENUM_CONVERSION = YES;
				CLANG_WARN_INT_CONVERSION = YES;
				CLANG_WARN_OBJC_ROOT_CLASS = YES_ERROR;
				CLANG_WARN__DUPLICATE_METHOD_MATCH = YES;
				"CODE_SIGN_IDENTITY[sdk=iphoneos*]" = "iPhone Developer";
				COPY_PHASE_STRIP = NO;
				GCC_C_LANGUAGE_STANDARD = gnu99;
				GCC_DYNAMIC_NO_PIC = NO;
				GCC_OPTIMIZATION_LEVEL = 0;
				GCC_PREPROCESSOR_DEFINITIONS = (
					"DEBUG=1",
					"$(inherited)",
				);
				GCC_SYMBOLS_PRIVATE_EXTERN = NO;
				GCC_WARN_64_TO_32_BIT_CONVERSION = YES;
				GCC_WARN_ABOUT_RETURN_TYPE = YES_ERROR;
				GCC_WARN_UNDECLARED_SELECTOR = YES;
				GCC_WARN_UNINITIALIZED_AUTOS = YES;
				GCC_WARN_UNUSED_FUNCTION = YES;
				GCC_WARN_UNUSED_VARIABLE = YES;
				IPHONEOS_DEPLOYMENT_TARGET = 7.0;
				ONLY_ACTIVE_ARCH = YES;
				SDKROOT = iphoneos;
				TARGETED_DEVICE_FAMILY = "1,2";
			};
			name = Debug;
		};
		5186579818CD47D300E8F486 /* Release */ = {
			isa = XCBuildConfiguration;
			buildSettings = {
				ALWAYS_SEARCH_USER_PATHS = NO;
				ARCHS = "$(ARCHS_STANDARD_INCLUDING_64_BIT)";
				CLANG_CXX_LANGUAGE_STANDARD = "gnu++0x";
				CLANG_CXX_LIBRARY = "libc++";
				CLANG_ENABLE_MODULES = YES;
				CLANG_ENABLE_OBJC_ARC = YES;
				CLANG_WARN_BOOL_CONVERSION = YES;
				CLANG_WARN_CONSTANT_CONVERSION = YES;
				CLANG_WARN_DIRECT_OBJC_ISA_USAGE = YES_ERROR;
				CLANG_WARN_EMPTY_BODY = YES;
				CLANG_WARN_ENUM_CONVERSION = YES;
				CLANG_WARN_INT_CONVERSION = YES;
				CLANG_WARN_OBJC_ROOT_CLASS = YES_ERROR;
				CLANG_WARN__DUPLICATE_METHOD_MATCH = YES;
				"CODE_SIGN_IDENTITY[sdk=iphoneos*]" = "iPhone Developer";
				COPY_PHASE_STRIP = YES;
				ENABLE_NS_ASSERTIONS = NO;
				GCC_C_LANGUAGE_STANDARD = gnu99;
				GCC_WARN_64_TO_32_BIT_CONVERSION = YES;
				GCC_WARN_ABOUT_RETURN_TYPE = YES_ERROR;
				GCC_WARN_UNDECLARED_SELECTOR = YES;
				GCC_WARN_UNINITIALIZED_AUTOS = YES;
				GCC_WARN_UNUSED_FUNCTION = YES;
				GCC_WARN_UNUSED_VARIABLE = YES;
				IPHONEOS_DEPLOYMENT_TARGET = 7.0;
				SDKROOT = iphoneos;
				TARGETED_DEVICE_FAMILY = "1,2";
				VALIDATE_PRODUCT = YES;
			};
			name = Release;
		};
		5186579A18CD47D300E8F486 /* Debug */ = {
			isa = XCBuildConfiguration;
			buildSettings = {
				ASSETCATALOG_COMPILER_APPICON_NAME = AppIcon;
				ASSETCATALOG_COMPILER_LAUNCHIMAGE_NAME = LaunchImage;
				GCC_PRECOMPILE_PREFIX_HEADER = YES;
				GCC_PREFIX_HEADER = "Demo-iOS/Demo-iOS-Prefix.pch";
				INFOPLIST_FILE = "Demo-iOS/Demo-iOS-Info.plist";
				PRODUCT_NAME = "$(TARGET_NAME)";
				WRAPPER_EXTENSION = app;
			};
			name = Debug;
		};
		5186579B18CD47D300E8F486 /* Release */ = {
			isa = XCBuildConfiguration;
			buildSettings = {
				ASSETCATALOG_COMPILER_APPICON_NAME = AppIcon;
				ASSETCATALOG_COMPILER_LAUNCHIMAGE_NAME = LaunchImage;
				GCC_PRECOMPILE_PREFIX_HEADER = YES;
				GCC_PREFIX_HEADER = "Demo-iOS/Demo-iOS-Prefix.pch";
				INFOPLIST_FILE = "Demo-iOS/Demo-iOS-Info.plist";
				PRODUCT_NAME = "$(TARGET_NAME)";
				WRAPPER_EXTENSION = app;
			};
			name = Release;
		};
/* End XCBuildConfiguration section */

/* Begin XCConfigurationList section */
		5186576818CD47D300E8F486 /* Build configuration list for PBXProject "Demo-iOS" */ = {
			isa = XCConfigurationList;
			buildConfigurations = (
				5186579718CD47D300E8F486 /* Debug */,
				5186579818CD47D300E8F486 /* Release */,
			);
			defaultConfigurationIsVisible = 0;
			defaultConfigurationName = Release;
		};
		5186579918CD47D300E8F486 /* Build configuration list for PBXNativeTarget "Demo-iOS" */ = {
			isa = XCConfigurationList;
			buildConfigurations = (
				5186579A18CD47D300E8F486 /* Debug */,
				5186579B18CD47D300E8F486 /* Release */,
			);
			defaultConfigurationIsVisible = 0;
			defaultConfigurationName = Release;
		};
/* End XCConfigurationList section */
	};
	rootObject = 5186576518CD47D300E8F486 /* Project object */;
}
